{
  "object": {
    "pins": [
      {
        "package": "OpenSSL",
        "repositoryURL": "https://github.com/syoung-smallwisdom/CMSSupport.git",
        "state": {
          "branch": "swiftPM",
          "revision": "cef78ced14b297ee57fde7f9e76fd00e00372c92",
          "version": null
        }
      },
      {
        "package": "JsonModel",
        "repositoryURL": "https://github.com/Sage-Bionetworks/JsonModel-Swift.git",
        "state": {
          "branch": null,
          "revision": "9237442bd2ea208554e01041feaa2d4a065d61a4",
          "version": "1.0.2"
        }
      }
    ]
  },
  "version": 1
}
