// !$*UTF8*$!
{
	archiveVersion = 1;
	classes = {
	};
	objectVersion = 48;
	objects = {

/* Begin PBXBuildFile section */
		0356943A20EECD4D006A555A /* SBATrackedItemRemindersStepViewController.swift in Sources */ = {isa = PBXBuildFile; fileRef = 0356943920EECD4D006A555A /* SBATrackedItemRemindersStepViewController.swift */; };
		602BB7A7226130D400C17E12 /* SBAProfileDataStorageManager.swift in Sources */ = {isa = PBXBuildFile; fileRef = 602BB7A6226130D400C17E12 /* SBAProfileDataStorageManager.swift */; };
		6035687822AEF39600AAF37D /* ParticipantManager.swift in Sources */ = {isa = PBXBuildFile; fileRef = 6035687722AEF39600AAF37D /* ParticipantManager.swift */; };
		6035687A22AEF58E00AAF37D /* AppConfig.json in Resources */ = {isa = PBXBuildFile; fileRef = 6035687922AEF58E00AAF37D /* AppConfig.json */; };
		6090544821308CF7002D1895 /* SBAProfileOnSelectedAction.swift in Sources */ = {isa = PBXBuildFile; fileRef = 6090544621308CF7002D1895 /* SBAProfileOnSelectedAction.swift */; };
		60B08E7D221B413D00166CAF /* ProfileDataSourceTests.swift in Sources */ = {isa = PBXBuildFile; fileRef = 60B08E7C221B413D00166CAF /* ProfileDataSourceTests.swift */; };
		60D9611D20BF161300B5CFEB /* SBAProfileSection.swift in Sources */ = {isa = PBXBuildFile; fileRef = 60D9611520BF161200B5CFEB /* SBAProfileSection.swift */; };
		60D9611E20BF161300B5CFEB /* SBAProfileItem.swift in Sources */ = {isa = PBXBuildFile; fileRef = 60D9611620BF161200B5CFEB /* SBAProfileItem.swift */; };
		60D9611F20BF161300B5CFEB /* SBAProfileDataSource.swift in Sources */ = {isa = PBXBuildFile; fileRef = 60D9611720BF161200B5CFEB /* SBAProfileDataSource.swift */; };
		60D9612220BF161300B5CFEB /* SBAProfileManager.swift in Sources */ = {isa = PBXBuildFile; fileRef = 60D9611A20BF161200B5CFEB /* SBAProfileManager.swift */; };
		60E84E5C20D306A9000DDCB1 /* SBAProfileItemType.swift in Sources */ = {isa = PBXBuildFile; fileRef = 60E84E5B20D306A9000DDCB1 /* SBAProfileItemType.swift */; };
		8002800422136822000B00B0 /* ProfileManagerTests.swift in Sources */ = {isa = PBXBuildFile; fileRef = 8002800322136822000B00B0 /* ProfileManagerTests.swift */; };
		CB18538021064CF90076EFBB /* SBATrackedItemRemindersStepObject.swift in Sources */ = {isa = PBXBuildFile; fileRef = CB18537F21064CF90076EFBB /* SBATrackedItemRemindersStepObject.swift */; };
		CB267A9D20FD8C1D00D6C116 /* SBATrackedMedicationLoggingStepViewController.swift in Sources */ = {isa = PBXBuildFile; fileRef = CB267A9C20FD8C1D00D6C116 /* SBATrackedMedicationLoggingStepViewController.swift */; };
		CB267AB320FD8CEF00D6C116 /* SBAMedicationLoggingCell.xib in Resources */ = {isa = PBXBuildFile; fileRef = CB267AB220FD8CEF00D6C116 /* SBAMedicationLoggingCell.xib */; };
		CB74DC9320D88EC4008DBB6C /* SBATrackedTextfieldCell.xib in Resources */ = {isa = PBXBuildFile; fileRef = CB74DC9220D88EC4008DBB6C /* SBATrackedTextfieldCell.xib */; };
		CBC1F46220F98F8A003DFF9B /* SBATrackedReminderModalButtonCell.xib in Resources */ = {isa = PBXBuildFile; fileRef = CBC1F44D20F98F8A003DFF9B /* SBATrackedReminderModalButtonCell.xib */; };
		CBED324420C5E2F6009D32F0 /* SBATrackedMedicationReviewStepObject.swift in Sources */ = {isa = PBXBuildFile; fileRef = CBED324320C5E2F6009D32F0 /* SBATrackedMedicationReviewStepObject.swift */; };
		CBED325A20C5E349009D32F0 /* SBATrackedMedicationReviewStepViewController.swift in Sources */ = {isa = PBXBuildFile; fileRef = CBED325920C5E349009D32F0 /* SBATrackedMedicationReviewStepViewController.swift */; };
		CBED325C20C5EBDA009D32F0 /* SBATrackedMedicationReviewCell.xib in Resources */ = {isa = PBXBuildFile; fileRef = CBED325B20C5EBDA009D32F0 /* SBATrackedMedicationReviewCell.xib */; };
		CBED325D20C83538009D32F0 /* Assets.xcassets in Resources */ = {isa = PBXBuildFile; fileRef = F83B450B20324A33002825AE /* Assets.xcassets */; };
		F80F175F2033980300352C3E /* SBBSurveyRule+RSDSurveyRule.swift in Sources */ = {isa = PBXBuildFile; fileRef = F80F175E2033980300352C3E /* SBBSurveyRule+RSDSurveyRule.swift */; };
		F80F17742033B20C00352C3E /* SurveyNavigationRuleTests.swift in Sources */ = {isa = PBXBuildFile; fileRef = F80F17732033B20C00352C3E /* SurveyNavigationRuleTests.swift */; };
		F80F17A32033CB1B00352C3E /* SBBSurvey+RSDTask.swift in Sources */ = {isa = PBXBuildFile; fileRef = F80F17A22033CB1B00352C3E /* SBBSurvey+RSDTask.swift */; };
		F818E2412032B07E00C538ED /* README.md in Resources */ = {isa = PBXBuildFile; fileRef = F818E2402032B07D00C538ED /* README.md */; };
		F825BA54207FD09100D29F60 /* MainViewController.swift in Sources */ = {isa = PBXBuildFile; fileRef = F825BA40207FD09000D29F60 /* MainViewController.swift */; };
		F825BA55207FD0C500D29F60 /* BridgeApp.framework in Frameworks */ = {isa = PBXBuildFile; fileRef = F83B44A52032467D002825AE /* BridgeApp.framework */; };
		F825BA56207FD0C500D29F60 /* BridgeApp.framework in Embed Frameworks */ = {isa = PBXBuildFile; fileRef = F83B44A52032467D002825AE /* BridgeApp.framework */; settings = {ATTRIBUTES = (CodeSignOnCopy, RemoveHeadersOnCopy, ); }; };
		F825BA5A207FD48300D29F60 /* Triggers.json in Resources */ = {isa = PBXBuildFile; fileRef = F825BA59207FD48300D29F60 /* Triggers.json */; };
		F82B1A892036305200FEA16D /* SBBImage+Utilities.swift in Sources */ = {isa = PBXBuildFile; fileRef = F82B1A882036305200FEA16D /* SBBImage+Utilities.swift */; };
		F82B1A9E20363DD500FEA16D /* SBBScheduledActivity+Utilities.swift in Sources */ = {isa = PBXBuildFile; fileRef = F82B1A9D20363DD500FEA16D /* SBBScheduledActivity+Utilities.swift */; };
		F82B1AB12036410C00FEA16D /* SBABridgeConfiguration.swift in Sources */ = {isa = PBXBuildFile; fileRef = F82B1AB02036410C00FEA16D /* SBABridgeConfiguration.swift */; };
		F83703012282AFDD00939733 /* JSONSerializableTests.swift in Sources */ = {isa = PBXBuildFile; fileRef = F83703002282AFDD00939733 /* JSONSerializableTests.swift */; };
		F83906FB20325D13005FC0BA /* BridgeInfo.plist in Resources */ = {isa = PBXBuildFile; fileRef = F83906FA20325D13005FC0BA /* BridgeInfo.plist */; };
		F83906FE20325E70005FC0BA /* sample-study.pem in Resources */ = {isa = PBXBuildFile; fileRef = F83906FD20325E70005FC0BA /* sample-study.pem */; };
		F8398C9A212C868A005DE6E0 /* SBAReportManager.swift in Sources */ = {isa = PBXBuildFile; fileRef = F8398C99212C868A005DE6E0 /* SBAReportManager.swift */; };
		F83B44AF2032467D002825AE /* BridgeApp.framework in Frameworks */ = {isa = PBXBuildFile; fileRef = F83B44A52032467D002825AE /* BridgeApp.framework */; };
		F83B44B62032467D002825AE /* BridgeApp.h in Headers */ = {isa = PBXBuildFile; fileRef = F83B44A82032467D002825AE /* BridgeApp.h */; settings = {ATTRIBUTES = (Public, ); }; };
		F83B450520324A33002825AE /* AppDelegate.swift in Sources */ = {isa = PBXBuildFile; fileRef = F83B450420324A33002825AE /* AppDelegate.swift */; };
		F83B450A20324A33002825AE /* Main.storyboard in Resources */ = {isa = PBXBuildFile; fileRef = F83B450820324A33002825AE /* Main.storyboard */; };
		F83B450C20324A33002825AE /* Assets.xcassets in Resources */ = {isa = PBXBuildFile; fileRef = F83B450B20324A33002825AE /* Assets.xcassets */; };
		F83B450F20324A33002825AE /* LaunchScreen.storyboard in Resources */ = {isa = PBXBuildFile; fileRef = F83B450D20324A33002825AE /* LaunchScreen.storyboard */; };
		F84794F8207FDEED0024A230 /* SBAFactory.swift in Sources */ = {isa = PBXBuildFile; fileRef = F84794F7207FDEED0024A230 /* SBAFactory.swift */; };
		F847950D207FE2CB0024A230 /* TrackingNavigatorTests.swift in Sources */ = {isa = PBXBuildFile; fileRef = F847950C207FE2CB0024A230 /* TrackingNavigatorTests.swift */; };
		F847950F207FE2E20024A230 /* MedicationTrackingNavigationTests.swift in Sources */ = {isa = PBXBuildFile; fileRef = F847950E207FE2E20024A230 /* MedicationTrackingNavigationTests.swift */; };
		F8479512207FE3160024A230 /* TrackedSelectionDataSourceTests.swift in Sources */ = {isa = PBXBuildFile; fileRef = F8479510207FE3160024A230 /* TrackedSelectionDataSourceTests.swift */; };
		F8479513207FE3160024A230 /* TrackedLoggingDataSourceTests.swift in Sources */ = {isa = PBXBuildFile; fileRef = F8479511207FE3160024A230 /* TrackedLoggingDataSourceTests.swift */; };
		F8479515207FE3720024A230 /* CodableTrackedDataTests.swift in Sources */ = {isa = PBXBuildFile; fileRef = F8479514207FE3720024A230 /* CodableTrackedDataTests.swift */; };
		F847951D207FEA8C0024A230 /* SBATrackedLoggingStepViewController.swift in Sources */ = {isa = PBXBuildFile; fileRef = F8479518207FEA4C0024A230 /* SBATrackedLoggingStepViewController.swift */; };
		F847951E207FEA9D0024A230 /* SBATrackedItem.swift in Sources */ = {isa = PBXBuildFile; fileRef = F825BA5D207FD64200D29F60 /* SBATrackedItem.swift */; };
		F847951F207FEA9D0024A230 /* SBAMedicationTrackingStepNavigator.swift in Sources */ = {isa = PBXBuildFile; fileRef = F825BA67207FD83200D29F60 /* SBAMedicationTrackingStepNavigator.swift */; };
		F8479521207FEA9D0024A230 /* SBATrackedItemsLoggingStepObject.swift in Sources */ = {isa = PBXBuildFile; fileRef = F825BA6C207FD83300D29F60 /* SBATrackedItemsLoggingStepObject.swift */; };
		F8479523207FEA9D0024A230 /* SBATrackedItemsStepNavigator.swift in Sources */ = {isa = PBXBuildFile; fileRef = F825BA69207FD83300D29F60 /* SBATrackedItemsStepNavigator.swift */; };
		F8479524207FEA9D0024A230 /* SBATrackedSelectionStepObject.swift in Sources */ = {isa = PBXBuildFile; fileRef = F825BA6B207FD83300D29F60 /* SBATrackedSelectionStepObject.swift */; };
		F8479525207FEA9D0024A230 /* SBATrackedSelectionDataSource.swift in Sources */ = {isa = PBXBuildFile; fileRef = F825BA73207FD96100D29F60 /* SBATrackedSelectionDataSource.swift */; };
		F8479526207FEA9D0024A230 /* SBATrackedLoggingDataSource.swift in Sources */ = {isa = PBXBuildFile; fileRef = F825BA75207FD96100D29F60 /* SBATrackedLoggingDataSource.swift */; };
		F8479527207FEA9D0024A230 /* SBATrackingDataSource.swift in Sources */ = {isa = PBXBuildFile; fileRef = F825BA74207FD96100D29F60 /* SBATrackingDataSource.swift */; };
		F847952E207FEE090024A230 /* Medication.json in Resources */ = {isa = PBXBuildFile; fileRef = F847952D207FEE090024A230 /* Medication.json */; };
		F85AABE920800D120059F019 /* SBATrackedLoggingCell.xib in Resources */ = {isa = PBXBuildFile; fileRef = F8479530207FF0DF0024A230 /* SBATrackedLoggingCell.xib */; };
		F869804B20C85BD800476D6C /* MedicationLoggingDataSourceTests.swift in Sources */ = {isa = PBXBuildFile; fileRef = F869804A20C85BD800476D6C /* MedicationLoggingDataSourceTests.swift */; };
		F86AFC2822AED6140070E347 /* BridgeApp.stringsdict in Resources */ = {isa = PBXBuildFile; fileRef = F86AFC2722AED6140070E347 /* BridgeApp.stringsdict */; };
		F87D2AC622780599007CA2B5 /* BridgeSDK.framework in Frameworks */ = {isa = PBXBuildFile; fileRef = F87D2AC522780599007CA2B5 /* BridgeSDK.framework */; };
		F87D2AC822780599007CA2B5 /* Research.framework in Frameworks */ = {isa = PBXBuildFile; fileRef = F87D2AC722780599007CA2B5 /* Research.framework */; };
		F87D2ACA22780599007CA2B5 /* ResearchRecorders.framework in Frameworks */ = {isa = PBXBuildFile; fileRef = F87D2AC922780599007CA2B5 /* ResearchRecorders.framework */; settings = {ATTRIBUTES = (Weak, ); }; };
		F87D2ACC22780599007CA2B5 /* ResearchUI.framework in Frameworks */ = {isa = PBXBuildFile; fileRef = F87D2ACB22780599007CA2B5 /* ResearchUI.framework */; };
		F87D2ACE227805B1007CA2B5 /* BridgeSDK_Test.framework in Frameworks */ = {isa = PBXBuildFile; fileRef = F87D2ACD227805B1007CA2B5 /* BridgeSDK_Test.framework */; };
		F87D2AD0227805B1007CA2B5 /* Research_UnitTest.framework in Frameworks */ = {isa = PBXBuildFile; fileRef = F87D2ACF227805B1007CA2B5 /* Research_UnitTest.framework */; };
		F87D696A2037956B00409087 /* SBAActivityReference.swift in Sources */ = {isa = PBXBuildFile; fileRef = F87D69692037956B00409087 /* SBAActivityReference.swift */; };
		F87D69C0203B5C4900409087 /* ActivityReferenceTests.swift in Sources */ = {isa = PBXBuildFile; fileRef = F87D69BF203B5C4900409087 /* ActivityReferenceTests.swift */; };
		F886FD1320351E1E00EF2248 /* SBBActivity+RSDTaskInfo.swift in Sources */ = {isa = PBXBuildFile; fileRef = F886FD1220351E1E00EF2248 /* SBBActivity+RSDTaskInfo.swift */; };
		F886FD2D2035244F00EF2248 /* NSPredicate+Utilities.swift in Sources */ = {isa = PBXBuildFile; fileRef = F886FD2C2035244F00EF2248 /* NSPredicate+Utilities.swift */; };
		F886FD2F2035248600EF2248 /* SBBScheduledActivity+Filters.swift in Sources */ = {isa = PBXBuildFile; fileRef = F886FD2E2035248600EF2248 /* SBBScheduledActivity+Filters.swift */; };
		F886FD31203524C600EF2248 /* Date+Utilities.swift in Sources */ = {isa = PBXBuildFile; fileRef = F886FD30203524C600EF2248 /* Date+Utilities.swift */; };
		F886FD342036067300EF2248 /* BridgeApp.strings in Resources */ = {isa = PBXBuildFile; fileRef = F886FD332036067300EF2248 /* BridgeApp.strings */; };
		F899D0E520D03C9A0039FE8A /* SBBScheduledActivity+ResearchModel.swift in Sources */ = {isa = PBXBuildFile; fileRef = F899D0E420D03C9A0039FE8A /* SBBScheduledActivity+ResearchModel.swift */; };
		F89B3DEA20C6F647002EAE2D /* Sequence+Utilities.swift in Sources */ = {isa = PBXBuildFile; fileRef = F89B3DE920C6F647002EAE2D /* Sequence+Utilities.swift */; };
		F89B3DEC20C7155D002EAE2D /* SBAMedicationLoggingStepObject.swift in Sources */ = {isa = PBXBuildFile; fileRef = F89B3DEB20C7155D002EAE2D /* SBAMedicationLoggingStepObject.swift */; };
		F89F676A2032789800B5CC4B /* StepProtocolTests.swift in Sources */ = {isa = PBXBuildFile; fileRef = F89F67692032789800B5CC4B /* StepProtocolTests.swift */; };
		F89F676C203279EF00B5CC4B /* SBBSurveyElement+RSDStep.swift in Sources */ = {isa = PBXBuildFile; fileRef = F89F676B203279EF00B5CC4B /* SBBSurveyElement+RSDStep.swift */; };
		F89F676E20327A8700B5CC4B /* SBASurveyConfiguration.swift in Sources */ = {isa = PBXBuildFile; fileRef = F89F676D20327A8700B5CC4B /* SBASurveyConfiguration.swift */; };
		F8A5CE4A20A2AE7100E9FD75 /* SBARootViewController.swift in Sources */ = {isa = PBXBuildFile; fileRef = F8A5CE4920A2AE7100E9FD75 /* SBARootViewController.swift */; };
		F8A5CE4C20A2B5C400E9FD75 /* SBAAppDelegate.swift in Sources */ = {isa = PBXBuildFile; fileRef = F8A5CE4B20A2B5C400E9FD75 /* SBAAppDelegate.swift */; };
		F8A5CE4F20A2BBEF00E9FD75 /* CatastrophicError.storyboard in Resources */ = {isa = PBXBuildFile; fileRef = F8A5CE4D20A2BBEF00E9FD75 /* CatastrophicError.storyboard */; };
		F8A5CE5020A2BBEF00E9FD75 /* SBACatastrophicErrorViewController.swift in Sources */ = {isa = PBXBuildFile; fileRef = F8A5CE4E20A2BBEF00E9FD75 /* SBACatastrophicErrorViewController.swift */; };
		F8A5CE6F20A36B0700E9FD75 /* SBAScheduleManager.swift in Sources */ = {isa = PBXBuildFile; fileRef = F8A5CE6E20A36B0700E9FD75 /* SBAScheduleManager.swift */; };
		F8A5CE9020A3837100E9FD75 /* SBAParticipantManager.swift in Sources */ = {isa = PBXBuildFile; fileRef = F8A5CE8F20A3837100E9FD75 /* SBAParticipantManager.swift */; };
		F8A7FA0322B31E660053FF74 /* SBAMedicationDosageTableCell.xib in Resources */ = {isa = PBXBuildFile; fileRef = F8A7FA0122B31E660053FF74 /* SBAMedicationDosageTableCell.xib */; };
		F8A7FA0822B809FA0053FF74 /* Medication.storyboard in Resources */ = {isa = PBXBuildFile; fileRef = F8A7FA0722B809FA0053FF74 /* Medication.storyboard */; };
		F8A7FA0C22B814760053FF74 /* BoxedTextField.swift in Sources */ = {isa = PBXBuildFile; fileRef = F8A7FA0B22B814760053FF74 /* BoxedTextField.swift */; };
		F8A7FA0E22B815570053FF74 /* SBAMedicationEditDetailsViewController.swift in Sources */ = {isa = PBXBuildFile; fileRef = F8A7FA0D22B815570053FF74 /* SBAMedicationEditDetailsViewController.swift */; };
		F8A7FA1422B9B3820053FF74 /* SBADayTimePickerViewController.swift in Sources */ = {isa = PBXBuildFile; fileRef = F8A7FA1322B9B3820053FF74 /* SBADayTimePickerViewController.swift */; };
		F8A8EAF92037834E00FED4EC /* SBAModuleIdentifier.swift in Sources */ = {isa = PBXBuildFile; fileRef = F8A8EAF82037834E00FED4EC /* SBAModuleIdentifier.swift */; };
		F8B86AA520C074E800943127 /* ScheduleFilteringTests.swift in Sources */ = {isa = PBXBuildFile; fileRef = F8B86AA420C074E800943127 /* ScheduleFilteringTests.swift */; };
		F8B86AA720C075FA00943127 /* ScheduleArchivingTests.swift in Sources */ = {isa = PBXBuildFile; fileRef = F8B86AA620C075FA00943127 /* ScheduleArchivingTests.swift */; };
		F8BF02A620B60F730016C343 /* MockActivityManager.swift in Sources */ = {isa = PBXBuildFile; fileRef = F8BF02A520B60F730016C343 /* MockActivityManager.swift */; };
		F8BF02F020B71F580016C343 /* SBAScheduledActivityArchive.swift in Sources */ = {isa = PBXBuildFile; fileRef = F8BF02EF20B71F580016C343 /* SBAScheduledActivityArchive.swift */; };
		F8C7D3D020927065007490BC /* Symptoms.json in Resources */ = {isa = PBXBuildFile; fileRef = F8C7D3BC20927065007490BC /* Symptoms.json */; };
		F8C7D3F6209285A8007490BC /* SBASymptomLoggingStepObject.swift in Sources */ = {isa = PBXBuildFile; fileRef = F8C7D3F5209285A8007490BC /* SBASymptomLoggingStepObject.swift */; };
		F8C7D40D20929AFF007490BC /* SBASymptomLoggingStepViewController.swift in Sources */ = {isa = PBXBuildFile; fileRef = F8C7D40C20929AFF007490BC /* SBASymptomLoggingStepViewController.swift */; };
		F8C7D4132092A1F5007490BC /* SBASymptomLoggingCell.xib in Resources */ = {isa = PBXBuildFile; fileRef = F8C7D4112092A1F5007490BC /* SBASymptomLoggingCell.xib */; };
		F8C7D4162092CF36007490BC /* UIColor+BridgeKeyNames.swift in Sources */ = {isa = PBXBuildFile; fileRef = F8C7D4152092CF36007490BC /* UIColor+BridgeKeyNames.swift */; };
		F8CE288A211E27E2007765F1 /* SBAMedicationReminderManager.swift in Sources */ = {isa = PBXBuildFile; fileRef = F8CE2889211E27E2007765F1 /* SBAMedicationReminderManager.swift */; };
		F8E4A4EF20A420380046577B /* SBAScheduleManagerTests.swift in Sources */ = {isa = PBXBuildFile; fileRef = F8E4A4EE20A420380046577B /* SBAScheduleManagerTests.swift */; };
		F8E4A4FB20A4D9F00046577B /* JSONDecoder+Utilities.swift in Sources */ = {isa = PBXBuildFile; fileRef = F8E4A4FA20A4D9F00046577B /* JSONDecoder+Utilities.swift */; };
		F8F063DA20BF7E4C00DB7D9C /* SBAClientDataResult.swift in Sources */ = {isa = PBXBuildFile; fileRef = F8F063D920BF7E4C00DB7D9C /* SBAClientDataResult.swift */; };
		F8F063F220BFB51B00DB7D9C /* ArchivableTrackingTests.swift in Sources */ = {isa = PBXBuildFile; fileRef = F8F063F120BFB51B00DB7D9C /* ArchivableTrackingTests.swift */; };
		F8F367BB2159C03C00A49F89 /* SBAArchiveManager.swift in Sources */ = {isa = PBXBuildFile; fileRef = F8F367BA2159C03C00A49F89 /* SBAArchiveManager.swift */; };
		F8F7241E203D007800AC0E5B /* SurveyTests.swift in Sources */ = {isa = PBXBuildFile; fileRef = F8F7241D203D007800AC0E5B /* SurveyTests.swift */; };
		F8FD5681214714A000BA2FA6 /* SBATaskViewModel.swift in Sources */ = {isa = PBXBuildFile; fileRef = F8FD5680214714A000BA2FA6 /* SBATaskViewModel.swift */; };
		FF3A810B22C16D0000CD737D /* SBATimeRange.swift in Sources */ = {isa = PBXBuildFile; fileRef = FF3A810A22C16D0000CD737D /* SBATimeRange.swift */; };
		FF3A810D22C16DE100CD737D /* SBAWarningViewController.swift in Sources */ = {isa = PBXBuildFile; fileRef = FF3A810C22C16DE100CD737D /* SBAWarningViewController.swift */; };
		FF3A810F22C17B9300CD737D /* Images.xcassets in Resources */ = {isa = PBXBuildFile; fileRef = FF3A810E22C17B9300CD737D /* Images.xcassets */; };
/* End PBXBuildFile section */

/* Begin PBXContainerItemProxy section */
		F825BA57207FD0C500D29F60 /* PBXContainerItemProxy */ = {
			isa = PBXContainerItemProxy;
			containerPortal = F83B449C2032467D002825AE /* Project object */;
			proxyType = 1;
			remoteGlobalIDString = F83B44A42032467D002825AE;
			remoteInfo = "BridgeApp (iOS)";
		};
		F83B44B02032467D002825AE /* PBXContainerItemProxy */ = {
			isa = PBXContainerItemProxy;
			containerPortal = F83B449C2032467D002825AE /* Project object */;
			proxyType = 1;
			remoteGlobalIDString = F83B44A42032467D002825AE;
			remoteInfo = BridgeApp_iOS;
		};
		F83B452920324CB0002825AE /* PBXContainerItemProxy */ = {
			isa = PBXContainerItemProxy;
			containerPortal = F83B449C2032467D002825AE /* Project object */;
			proxyType = 1;
			remoteGlobalIDString = F83B450120324A33002825AE;
			remoteInfo = BridgeAppExample;
		};
/* End PBXContainerItemProxy section */

/* Begin PBXCopyFilesBuildPhase section */
		F83B451820324A65002825AE /* Embed Frameworks */ = {
			isa = PBXCopyFilesBuildPhase;
			buildActionMask = 2147483647;
			dstPath = "";
			dstSubfolderSpec = 10;
			files = (
				F825BA56207FD0C500D29F60 /* BridgeApp.framework in Embed Frameworks */,
			);
			name = "Embed Frameworks";
			runOnlyForDeploymentPostprocessing = 0;
		};
/* End PBXCopyFilesBuildPhase section */

/* Begin PBXFileReference section */
		0356943920EECD4D006A555A /* SBATrackedItemRemindersStepViewController.swift */ = {isa = PBXFileReference; fileEncoding = 4; lastKnownFileType = sourcecode.swift; path = SBATrackedItemRemindersStepViewController.swift; sourceTree = "<group>"; };
		602BB7A6226130D400C17E12 /* SBAProfileDataStorageManager.swift */ = {isa = PBXFileReference; lastKnownFileType = sourcecode.swift; path = SBAProfileDataStorageManager.swift; sourceTree = "<group>"; };
		6035687722AEF39600AAF37D /* ParticipantManager.swift */ = {isa = PBXFileReference; lastKnownFileType = sourcecode.swift; path = ParticipantManager.swift; sourceTree = "<group>"; };
		6035687922AEF58E00AAF37D /* AppConfig.json */ = {isa = PBXFileReference; lastKnownFileType = text.json; path = AppConfig.json; sourceTree = "<group>"; };
		6090544621308CF7002D1895 /* SBAProfileOnSelectedAction.swift */ = {isa = PBXFileReference; fileEncoding = 4; lastKnownFileType = sourcecode.swift; path = SBAProfileOnSelectedAction.swift; sourceTree = "<group>"; };
		60B08E7C221B413D00166CAF /* ProfileDataSourceTests.swift */ = {isa = PBXFileReference; fileEncoding = 4; lastKnownFileType = sourcecode.swift; path = ProfileDataSourceTests.swift; sourceTree = "<group>"; };
		60D9611520BF161200B5CFEB /* SBAProfileSection.swift */ = {isa = PBXFileReference; fileEncoding = 4; lastKnownFileType = sourcecode.swift; path = SBAProfileSection.swift; sourceTree = "<group>"; };
		60D9611620BF161200B5CFEB /* SBAProfileItem.swift */ = {isa = PBXFileReference; fileEncoding = 4; lastKnownFileType = sourcecode.swift; path = SBAProfileItem.swift; sourceTree = "<group>"; };
		60D9611720BF161200B5CFEB /* SBAProfileDataSource.swift */ = {isa = PBXFileReference; fileEncoding = 4; lastKnownFileType = sourcecode.swift; path = SBAProfileDataSource.swift; sourceTree = "<group>"; };
		60D9611A20BF161200B5CFEB /* SBAProfileManager.swift */ = {isa = PBXFileReference; fileEncoding = 4; lastKnownFileType = sourcecode.swift; path = SBAProfileManager.swift; sourceTree = "<group>"; };
		60E84E5B20D306A9000DDCB1 /* SBAProfileItemType.swift */ = {isa = PBXFileReference; lastKnownFileType = sourcecode.swift; path = SBAProfileItemType.swift; sourceTree = "<group>"; };
		8002800322136822000B00B0 /* ProfileManagerTests.swift */ = {isa = PBXFileReference; lastKnownFileType = sourcecode.swift; path = ProfileManagerTests.swift; sourceTree = "<group>"; };
		CB18537F21064CF90076EFBB /* SBATrackedItemRemindersStepObject.swift */ = {isa = PBXFileReference; lastKnownFileType = sourcecode.swift; path = SBATrackedItemRemindersStepObject.swift; sourceTree = "<group>"; };
		CB267A9C20FD8C1D00D6C116 /* SBATrackedMedicationLoggingStepViewController.swift */ = {isa = PBXFileReference; lastKnownFileType = sourcecode.swift; path = SBATrackedMedicationLoggingStepViewController.swift; sourceTree = "<group>"; };
		CB267AB220FD8CEF00D6C116 /* SBAMedicationLoggingCell.xib */ = {isa = PBXFileReference; fileEncoding = 4; lastKnownFileType = file.xib; path = SBAMedicationLoggingCell.xib; sourceTree = "<group>"; };
		CB74DC9220D88EC4008DBB6C /* SBATrackedTextfieldCell.xib */ = {isa = PBXFileReference; fileEncoding = 4; lastKnownFileType = file.xib; path = SBATrackedTextfieldCell.xib; sourceTree = "<group>"; };
		CBC1F44D20F98F8A003DFF9B /* SBATrackedReminderModalButtonCell.xib */ = {isa = PBXFileReference; fileEncoding = 4; lastKnownFileType = file.xib; path = SBATrackedReminderModalButtonCell.xib; sourceTree = "<group>"; };
		CBED324320C5E2F6009D32F0 /* SBATrackedMedicationReviewStepObject.swift */ = {isa = PBXFileReference; lastKnownFileType = sourcecode.swift; path = SBATrackedMedicationReviewStepObject.swift; sourceTree = "<group>"; };
		CBED325920C5E349009D32F0 /* SBATrackedMedicationReviewStepViewController.swift */ = {isa = PBXFileReference; lastKnownFileType = sourcecode.swift; path = SBATrackedMedicationReviewStepViewController.swift; sourceTree = "<group>"; };
		CBED325B20C5EBDA009D32F0 /* SBATrackedMedicationReviewCell.xib */ = {isa = PBXFileReference; fileEncoding = 4; lastKnownFileType = file.xib; path = SBATrackedMedicationReviewCell.xib; sourceTree = "<group>"; };
		F80F175E2033980300352C3E /* SBBSurveyRule+RSDSurveyRule.swift */ = {isa = PBXFileReference; lastKnownFileType = sourcecode.swift; path = "SBBSurveyRule+RSDSurveyRule.swift"; sourceTree = "<group>"; };
		F80F17732033B20C00352C3E /* SurveyNavigationRuleTests.swift */ = {isa = PBXFileReference; lastKnownFileType = sourcecode.swift; path = SurveyNavigationRuleTests.swift; sourceTree = "<group>"; };
		F80F17A22033CB1B00352C3E /* SBBSurvey+RSDTask.swift */ = {isa = PBXFileReference; lastKnownFileType = sourcecode.swift; path = "SBBSurvey+RSDTask.swift"; sourceTree = "<group>"; };
		F818E23F2032AFA500C538ED /* BridgeAppExample.entitlements */ = {isa = PBXFileReference; lastKnownFileType = text.plist.entitlements; path = BridgeAppExample.entitlements; sourceTree = "<group>"; };
		F818E2402032B07D00C538ED /* README.md */ = {isa = PBXFileReference; fileEncoding = 4; lastKnownFileType = net.daringfireball.markdown; name = README.md; path = ../../README.md; sourceTree = "<group>"; };
		F825BA40207FD09000D29F60 /* MainViewController.swift */ = {isa = PBXFileReference; fileEncoding = 4; lastKnownFileType = sourcecode.swift; path = MainViewController.swift; sourceTree = "<group>"; };
		F825BA59207FD48300D29F60 /* Triggers.json */ = {isa = PBXFileReference; fileEncoding = 4; lastKnownFileType = text.json; path = Triggers.json; sourceTree = "<group>"; };
		F825BA5D207FD64200D29F60 /* SBATrackedItem.swift */ = {isa = PBXFileReference; fileEncoding = 4; lastKnownFileType = sourcecode.swift; path = SBATrackedItem.swift; sourceTree = "<group>"; };
		F825BA67207FD83200D29F60 /* SBAMedicationTrackingStepNavigator.swift */ = {isa = PBXFileReference; fileEncoding = 4; lastKnownFileType = sourcecode.swift; path = SBAMedicationTrackingStepNavigator.swift; sourceTree = "<group>"; };
		F825BA69207FD83300D29F60 /* SBATrackedItemsStepNavigator.swift */ = {isa = PBXFileReference; fileEncoding = 4; lastKnownFileType = sourcecode.swift; path = SBATrackedItemsStepNavigator.swift; sourceTree = "<group>"; };
		F825BA6B207FD83300D29F60 /* SBATrackedSelectionStepObject.swift */ = {isa = PBXFileReference; fileEncoding = 4; lastKnownFileType = sourcecode.swift; path = SBATrackedSelectionStepObject.swift; sourceTree = "<group>"; };
		F825BA6C207FD83300D29F60 /* SBATrackedItemsLoggingStepObject.swift */ = {isa = PBXFileReference; fileEncoding = 4; lastKnownFileType = sourcecode.swift; path = SBATrackedItemsLoggingStepObject.swift; sourceTree = "<group>"; };
		F825BA73207FD96100D29F60 /* SBATrackedSelectionDataSource.swift */ = {isa = PBXFileReference; fileEncoding = 4; lastKnownFileType = sourcecode.swift; path = SBATrackedSelectionDataSource.swift; sourceTree = "<group>"; };
		F825BA74207FD96100D29F60 /* SBATrackingDataSource.swift */ = {isa = PBXFileReference; fileEncoding = 4; lastKnownFileType = sourcecode.swift; path = SBATrackingDataSource.swift; sourceTree = "<group>"; };
		F825BA75207FD96100D29F60 /* SBATrackedLoggingDataSource.swift */ = {isa = PBXFileReference; fileEncoding = 4; lastKnownFileType = sourcecode.swift; path = SBATrackedLoggingDataSource.swift; sourceTree = "<group>"; };
		F82B1A882036305200FEA16D /* SBBImage+Utilities.swift */ = {isa = PBXFileReference; lastKnownFileType = sourcecode.swift; path = "SBBImage+Utilities.swift"; sourceTree = "<group>"; };
		F82B1A9D20363DD500FEA16D /* SBBScheduledActivity+Utilities.swift */ = {isa = PBXFileReference; lastKnownFileType = sourcecode.swift; path = "SBBScheduledActivity+Utilities.swift"; sourceTree = "<group>"; };
		F82B1AB02036410C00FEA16D /* SBABridgeConfiguration.swift */ = {isa = PBXFileReference; lastKnownFileType = sourcecode.swift; path = SBABridgeConfiguration.swift; sourceTree = "<group>"; };
		F83703002282AFDD00939733 /* JSONSerializableTests.swift */ = {isa = PBXFileReference; lastKnownFileType = sourcecode.swift; path = JSONSerializableTests.swift; sourceTree = "<group>"; };
		F83906FA20325D13005FC0BA /* BridgeInfo.plist */ = {isa = PBXFileReference; fileEncoding = 4; lastKnownFileType = text.plist.xml; path = BridgeInfo.plist; sourceTree = "<group>"; };
		F83906FD20325E70005FC0BA /* sample-study.pem */ = {isa = PBXFileReference; fileEncoding = 4; lastKnownFileType = text; path = "sample-study.pem"; sourceTree = "<group>"; };
		F8398C99212C868A005DE6E0 /* SBAReportManager.swift */ = {isa = PBXFileReference; lastKnownFileType = sourcecode.swift; path = SBAReportManager.swift; sourceTree = "<group>"; };
		F83B44A52032467D002825AE /* BridgeApp.framework */ = {isa = PBXFileReference; explicitFileType = wrapper.framework; includeInIndex = 0; path = BridgeApp.framework; sourceTree = BUILT_PRODUCTS_DIR; };
		F83B44A82032467D002825AE /* BridgeApp.h */ = {isa = PBXFileReference; lastKnownFileType = sourcecode.c.h; path = BridgeApp.h; sourceTree = "<group>"; };
		F83B44A92032467D002825AE /* Info-iOS.plist */ = {isa = PBXFileReference; lastKnownFileType = text.plist.xml; path = "Info-iOS.plist"; sourceTree = "<group>"; };
		F83B44AE2032467D002825AE /* BridgeAppTests.xctest */ = {isa = PBXFileReference; explicitFileType = wrapper.cfbundle; includeInIndex = 0; path = BridgeAppTests.xctest; sourceTree = BUILT_PRODUCTS_DIR; };
		F83B44B52032467D002825AE /* Info.plist */ = {isa = PBXFileReference; lastKnownFileType = text.plist.xml; path = Info.plist; sourceTree = "<group>"; };
		F83B450220324A33002825AE /* BridgeAppExample.app */ = {isa = PBXFileReference; explicitFileType = wrapper.application; includeInIndex = 0; path = BridgeAppExample.app; sourceTree = BUILT_PRODUCTS_DIR; };
		F83B450420324A33002825AE /* AppDelegate.swift */ = {isa = PBXFileReference; lastKnownFileType = sourcecode.swift; path = AppDelegate.swift; sourceTree = "<group>"; };
		F83B450920324A33002825AE /* Base */ = {isa = PBXFileReference; lastKnownFileType = file.storyboard; name = Base; path = Base.lproj/Main.storyboard; sourceTree = "<group>"; };
		F83B450B20324A33002825AE /* Assets.xcassets */ = {isa = PBXFileReference; lastKnownFileType = folder.assetcatalog; path = Assets.xcassets; sourceTree = "<group>"; };
		F83B450E20324A33002825AE /* Base */ = {isa = PBXFileReference; lastKnownFileType = file.storyboard; name = Base; path = Base.lproj/LaunchScreen.storyboard; sourceTree = "<group>"; };
		F83B451020324A33002825AE /* Info.plist */ = {isa = PBXFileReference; lastKnownFileType = text.plist.xml; path = Info.plist; sourceTree = "<group>"; };
		F84794F7207FDEED0024A230 /* SBAFactory.swift */ = {isa = PBXFileReference; lastKnownFileType = sourcecode.swift; path = SBAFactory.swift; sourceTree = "<group>"; };
		F847950C207FE2CB0024A230 /* TrackingNavigatorTests.swift */ = {isa = PBXFileReference; fileEncoding = 4; lastKnownFileType = sourcecode.swift; path = TrackingNavigatorTests.swift; sourceTree = "<group>"; };
		F847950E207FE2E20024A230 /* MedicationTrackingNavigationTests.swift */ = {isa = PBXFileReference; fileEncoding = 4; lastKnownFileType = sourcecode.swift; path = MedicationTrackingNavigationTests.swift; sourceTree = "<group>"; };
		F8479510207FE3160024A230 /* TrackedSelectionDataSourceTests.swift */ = {isa = PBXFileReference; fileEncoding = 4; lastKnownFileType = sourcecode.swift; path = TrackedSelectionDataSourceTests.swift; sourceTree = "<group>"; };
		F8479511207FE3160024A230 /* TrackedLoggingDataSourceTests.swift */ = {isa = PBXFileReference; fileEncoding = 4; lastKnownFileType = sourcecode.swift; path = TrackedLoggingDataSourceTests.swift; sourceTree = "<group>"; };
		F8479514207FE3720024A230 /* CodableTrackedDataTests.swift */ = {isa = PBXFileReference; fileEncoding = 4; lastKnownFileType = sourcecode.swift; path = CodableTrackedDataTests.swift; sourceTree = "<group>"; };
		F8479518207FEA4C0024A230 /* SBATrackedLoggingStepViewController.swift */ = {isa = PBXFileReference; lastKnownFileType = sourcecode.swift; path = SBATrackedLoggingStepViewController.swift; sourceTree = "<group>"; };
		F847952D207FEE090024A230 /* Medication.json */ = {isa = PBXFileReference; fileEncoding = 4; lastKnownFileType = text.json; path = Medication.json; sourceTree = "<group>"; };
		F8479530207FF0DF0024A230 /* SBATrackedLoggingCell.xib */ = {isa = PBXFileReference; fileEncoding = 4; lastKnownFileType = file.xib; path = SBATrackedLoggingCell.xib; sourceTree = "<group>"; };
		F85AABD3207FFCF40059F019 /* BridgeAppTests-Bridging-Header.h */ = {isa = PBXFileReference; lastKnownFileType = sourcecode.c.h; path = "BridgeAppTests-Bridging-Header.h"; sourceTree = "<group>"; };
		F869804A20C85BD800476D6C /* MedicationLoggingDataSourceTests.swift */ = {isa = PBXFileReference; lastKnownFileType = sourcecode.swift; path = MedicationLoggingDataSourceTests.swift; sourceTree = "<group>"; };
		F86AFC2722AED6140070E347 /* BridgeApp.stringsdict */ = {isa = PBXFileReference; lastKnownFileType = text.plist.stringsdict; path = BridgeApp.stringsdict; sourceTree = "<group>"; };
		F87D2AC522780599007CA2B5 /* BridgeSDK.framework */ = {isa = PBXFileReference; explicitFileType = wrapper.framework; path = BridgeSDK.framework; sourceTree = BUILT_PRODUCTS_DIR; };
		F87D2AC722780599007CA2B5 /* Research.framework */ = {isa = PBXFileReference; explicitFileType = wrapper.framework; path = Research.framework; sourceTree = BUILT_PRODUCTS_DIR; };
		F87D2AC922780599007CA2B5 /* ResearchRecorders.framework */ = {isa = PBXFileReference; explicitFileType = wrapper.framework; path = ResearchRecorders.framework; sourceTree = BUILT_PRODUCTS_DIR; };
		F87D2ACB22780599007CA2B5 /* ResearchUI.framework */ = {isa = PBXFileReference; explicitFileType = wrapper.framework; path = ResearchUI.framework; sourceTree = BUILT_PRODUCTS_DIR; };
		F87D2ACD227805B1007CA2B5 /* BridgeSDK_Test.framework */ = {isa = PBXFileReference; explicitFileType = wrapper.framework; path = BridgeSDK_Test.framework; sourceTree = BUILT_PRODUCTS_DIR; };
		F87D2ACF227805B1007CA2B5 /* Research_UnitTest.framework */ = {isa = PBXFileReference; explicitFileType = wrapper.framework; path = Research_UnitTest.framework; sourceTree = BUILT_PRODUCTS_DIR; };
		F87D69692037956B00409087 /* SBAActivityReference.swift */ = {isa = PBXFileReference; lastKnownFileType = sourcecode.swift; path = SBAActivityReference.swift; sourceTree = "<group>"; };
		F87D69BF203B5C4900409087 /* ActivityReferenceTests.swift */ = {isa = PBXFileReference; lastKnownFileType = sourcecode.swift; path = ActivityReferenceTests.swift; sourceTree = "<group>"; };
		F886FD1220351E1E00EF2248 /* SBBActivity+RSDTaskInfo.swift */ = {isa = PBXFileReference; lastKnownFileType = sourcecode.swift; path = "SBBActivity+RSDTaskInfo.swift"; sourceTree = "<group>"; };
		F886FD2C2035244F00EF2248 /* NSPredicate+Utilities.swift */ = {isa = PBXFileReference; fileEncoding = 4; lastKnownFileType = sourcecode.swift; path = "NSPredicate+Utilities.swift"; sourceTree = "<group>"; };
		F886FD2E2035248600EF2248 /* SBBScheduledActivity+Filters.swift */ = {isa = PBXFileReference; fileEncoding = 4; lastKnownFileType = sourcecode.swift; path = "SBBScheduledActivity+Filters.swift"; sourceTree = "<group>"; };
		F886FD30203524C600EF2248 /* Date+Utilities.swift */ = {isa = PBXFileReference; fileEncoding = 4; lastKnownFileType = sourcecode.swift; path = "Date+Utilities.swift"; sourceTree = "<group>"; };
		F886FD332036067300EF2248 /* BridgeApp.strings */ = {isa = PBXFileReference; lastKnownFileType = text.plist.strings; path = BridgeApp.strings; sourceTree = "<group>"; };
		F899D0E420D03C9A0039FE8A /* SBBScheduledActivity+ResearchModel.swift */ = {isa = PBXFileReference; lastKnownFileType = sourcecode.swift; path = "SBBScheduledActivity+ResearchModel.swift"; sourceTree = "<group>"; };
		F89B3DE920C6F647002EAE2D /* Sequence+Utilities.swift */ = {isa = PBXFileReference; lastKnownFileType = sourcecode.swift; path = "Sequence+Utilities.swift"; sourceTree = "<group>"; };
		F89B3DEB20C7155D002EAE2D /* SBAMedicationLoggingStepObject.swift */ = {isa = PBXFileReference; lastKnownFileType = sourcecode.swift; path = SBAMedicationLoggingStepObject.swift; sourceTree = "<group>"; };
		F89F67692032789800B5CC4B /* StepProtocolTests.swift */ = {isa = PBXFileReference; fileEncoding = 4; lastKnownFileType = sourcecode.swift; path = StepProtocolTests.swift; sourceTree = "<group>"; };
		F89F676B203279EF00B5CC4B /* SBBSurveyElement+RSDStep.swift */ = {isa = PBXFileReference; lastKnownFileType = sourcecode.swift; path = "SBBSurveyElement+RSDStep.swift"; sourceTree = "<group>"; };
		F89F676D20327A8700B5CC4B /* SBASurveyConfiguration.swift */ = {isa = PBXFileReference; lastKnownFileType = sourcecode.swift; path = SBASurveyConfiguration.swift; sourceTree = "<group>"; };
		F8A5CE4920A2AE7100E9FD75 /* SBARootViewController.swift */ = {isa = PBXFileReference; fileEncoding = 4; lastKnownFileType = sourcecode.swift; path = SBARootViewController.swift; sourceTree = "<group>"; };
		F8A5CE4B20A2B5C400E9FD75 /* SBAAppDelegate.swift */ = {isa = PBXFileReference; lastKnownFileType = sourcecode.swift; path = SBAAppDelegate.swift; sourceTree = "<group>"; };
		F8A5CE4D20A2BBEF00E9FD75 /* CatastrophicError.storyboard */ = {isa = PBXFileReference; fileEncoding = 4; lastKnownFileType = file.storyboard; path = CatastrophicError.storyboard; sourceTree = "<group>"; };
		F8A5CE4E20A2BBEF00E9FD75 /* SBACatastrophicErrorViewController.swift */ = {isa = PBXFileReference; fileEncoding = 4; lastKnownFileType = sourcecode.swift; path = SBACatastrophicErrorViewController.swift; sourceTree = "<group>"; };
		F8A5CE6E20A36B0700E9FD75 /* SBAScheduleManager.swift */ = {isa = PBXFileReference; lastKnownFileType = sourcecode.swift; path = SBAScheduleManager.swift; sourceTree = "<group>"; };
		F8A5CE8F20A3837100E9FD75 /* SBAParticipantManager.swift */ = {isa = PBXFileReference; lastKnownFileType = sourcecode.swift; path = SBAParticipantManager.swift; sourceTree = "<group>"; };
		F8A7FA0122B31E660053FF74 /* SBAMedicationDosageTableCell.xib */ = {isa = PBXFileReference; lastKnownFileType = file.xib; path = SBAMedicationDosageTableCell.xib; sourceTree = "<group>"; };
		F8A7FA0722B809FA0053FF74 /* Medication.storyboard */ = {isa = PBXFileReference; lastKnownFileType = file.storyboard; path = Medication.storyboard; sourceTree = "<group>"; };
		F8A7FA0B22B814760053FF74 /* BoxedTextField.swift */ = {isa = PBXFileReference; lastKnownFileType = sourcecode.swift; path = BoxedTextField.swift; sourceTree = "<group>"; };
		F8A7FA0D22B815570053FF74 /* SBAMedicationEditDetailsViewController.swift */ = {isa = PBXFileReference; lastKnownFileType = sourcecode.swift; path = SBAMedicationEditDetailsViewController.swift; sourceTree = "<group>"; };
		F8A7FA1322B9B3820053FF74 /* SBADayTimePickerViewController.swift */ = {isa = PBXFileReference; lastKnownFileType = sourcecode.swift; path = SBADayTimePickerViewController.swift; sourceTree = "<group>"; };
		F8A8EAF82037834E00FED4EC /* SBAModuleIdentifier.swift */ = {isa = PBXFileReference; lastKnownFileType = sourcecode.swift; path = SBAModuleIdentifier.swift; sourceTree = "<group>"; };
		F8B86AA420C074E800943127 /* ScheduleFilteringTests.swift */ = {isa = PBXFileReference; lastKnownFileType = sourcecode.swift; path = ScheduleFilteringTests.swift; sourceTree = "<group>"; };
		F8B86AA620C075FA00943127 /* ScheduleArchivingTests.swift */ = {isa = PBXFileReference; lastKnownFileType = sourcecode.swift; path = ScheduleArchivingTests.swift; sourceTree = "<group>"; };
		F8BF02A520B60F730016C343 /* MockActivityManager.swift */ = {isa = PBXFileReference; lastKnownFileType = sourcecode.swift; path = MockActivityManager.swift; sourceTree = "<group>"; };
		F8BF02EF20B71F580016C343 /* SBAScheduledActivityArchive.swift */ = {isa = PBXFileReference; lastKnownFileType = sourcecode.swift; path = SBAScheduledActivityArchive.swift; sourceTree = "<group>"; };
		F8C7D3BC20927065007490BC /* Symptoms.json */ = {isa = PBXFileReference; fileEncoding = 4; lastKnownFileType = text.json; path = Symptoms.json; sourceTree = "<group>"; };
		F8C7D3F5209285A8007490BC /* SBASymptomLoggingStepObject.swift */ = {isa = PBXFileReference; lastKnownFileType = sourcecode.swift; name = SBASymptomLoggingStepObject.swift; path = ../Model/SBASymptomLoggingStepObject.swift; sourceTree = "<group>"; };
		F8C7D40C20929AFF007490BC /* SBASymptomLoggingStepViewController.swift */ = {isa = PBXFileReference; lastKnownFileType = sourcecode.swift; path = SBASymptomLoggingStepViewController.swift; sourceTree = "<group>"; };
		F8C7D4112092A1F5007490BC /* SBASymptomLoggingCell.xib */ = {isa = PBXFileReference; lastKnownFileType = file.xib; path = SBASymptomLoggingCell.xib; sourceTree = "<group>"; };
		F8C7D4152092CF36007490BC /* UIColor+BridgeKeyNames.swift */ = {isa = PBXFileReference; lastKnownFileType = sourcecode.swift; path = "UIColor+BridgeKeyNames.swift"; sourceTree = "<group>"; };
		F8CE2889211E27E2007765F1 /* SBAMedicationReminderManager.swift */ = {isa = PBXFileReference; lastKnownFileType = sourcecode.swift; path = SBAMedicationReminderManager.swift; sourceTree = "<group>"; };
		F8E4A4EE20A420380046577B /* SBAScheduleManagerTests.swift */ = {isa = PBXFileReference; lastKnownFileType = sourcecode.swift; path = SBAScheduleManagerTests.swift; sourceTree = "<group>"; };
		F8E4A4FA20A4D9F00046577B /* JSONDecoder+Utilities.swift */ = {isa = PBXFileReference; lastKnownFileType = sourcecode.swift; path = "JSONDecoder+Utilities.swift"; sourceTree = "<group>"; };
		F8F063D920BF7E4C00DB7D9C /* SBAClientDataResult.swift */ = {isa = PBXFileReference; lastKnownFileType = sourcecode.swift; path = SBAClientDataResult.swift; sourceTree = "<group>"; };
		F8F063F120BFB51B00DB7D9C /* ArchivableTrackingTests.swift */ = {isa = PBXFileReference; lastKnownFileType = sourcecode.swift; path = ArchivableTrackingTests.swift; sourceTree = "<group>"; };
		F8F367BA2159C03C00A49F89 /* SBAArchiveManager.swift */ = {isa = PBXFileReference; lastKnownFileType = sourcecode.swift; path = SBAArchiveManager.swift; sourceTree = "<group>"; };
		F8F7241D203D007800AC0E5B /* SurveyTests.swift */ = {isa = PBXFileReference; lastKnownFileType = sourcecode.swift; path = SurveyTests.swift; sourceTree = "<group>"; };
		F8FD5680214714A000BA2FA6 /* SBATaskViewModel.swift */ = {isa = PBXFileReference; lastKnownFileType = sourcecode.swift; path = SBATaskViewModel.swift; sourceTree = "<group>"; };
		FF3A810A22C16D0000CD737D /* SBATimeRange.swift */ = {isa = PBXFileReference; fileEncoding = 4; lastKnownFileType = sourcecode.swift; path = SBATimeRange.swift; sourceTree = "<group>"; };
		FF3A810C22C16DE100CD737D /* SBAWarningViewController.swift */ = {isa = PBXFileReference; fileEncoding = 4; lastKnownFileType = sourcecode.swift; path = SBAWarningViewController.swift; sourceTree = "<group>"; };
		FF3A810E22C17B9300CD737D /* Images.xcassets */ = {isa = PBXFileReference; lastKnownFileType = folder.assetcatalog; path = Images.xcassets; sourceTree = "<group>"; };
/* End PBXFileReference section */

/* Begin PBXFrameworksBuildPhase section */
		F83B44A12032467D002825AE /* Frameworks */ = {
			isa = PBXFrameworksBuildPhase;
			buildActionMask = 2147483647;
			files = (
				F87D2AC622780599007CA2B5 /* BridgeSDK.framework in Frameworks */,
				F87D2AC822780599007CA2B5 /* Research.framework in Frameworks */,
				F87D2ACA22780599007CA2B5 /* ResearchRecorders.framework in Frameworks */,
				F87D2ACC22780599007CA2B5 /* ResearchUI.framework in Frameworks */,
			);
			runOnlyForDeploymentPostprocessing = 0;
		};
		F83B44AB2032467D002825AE /* Frameworks */ = {
			isa = PBXFrameworksBuildPhase;
			buildActionMask = 2147483647;
			files = (
				F87D2ACE227805B1007CA2B5 /* BridgeSDK_Test.framework in Frameworks */,
				F87D2AD0227805B1007CA2B5 /* Research_UnitTest.framework in Frameworks */,
				F83B44AF2032467D002825AE /* BridgeApp.framework in Frameworks */,
			);
			runOnlyForDeploymentPostprocessing = 0;
		};
		F83B44FF20324A33002825AE /* Frameworks */ = {
			isa = PBXFrameworksBuildPhase;
			buildActionMask = 2147483647;
			files = (
				F825BA55207FD0C500D29F60 /* BridgeApp.framework in Frameworks */,
			);
			runOnlyForDeploymentPostprocessing = 0;
		};
/* End PBXFrameworksBuildPhase section */

/* Begin PBXGroup section */
		60D9611220BF161200B5CFEB /* Profile */ = {
			isa = PBXGroup;
			children = (
				6090544621308CF7002D1895 /* SBAProfileOnSelectedAction.swift */,
				60D9611520BF161200B5CFEB /* SBAProfileSection.swift */,
				60E84E5B20D306A9000DDCB1 /* SBAProfileItemType.swift */,
				60D9611620BF161200B5CFEB /* SBAProfileItem.swift */,
				60D9611720BF161200B5CFEB /* SBAProfileDataSource.swift */,
				602BB7A6226130D400C17E12 /* SBAProfileDataStorageManager.swift */,
				60D9611A20BF161200B5CFEB /* SBAProfileManager.swift */,
			);
			path = Profile;
			sourceTree = "<group>";
		};
		80027FED2213679D000B00B0 /* Profile Tests */ = {
			isa = PBXGroup;
			children = (
				8002800322136822000B00B0 /* ProfileManagerTests.swift */,
				60B08E7C221B413D00166CAF /* ProfileDataSourceTests.swift */,
			);
			name = "Profile Tests";
			sourceTree = "<group>";
		};
		F825BA5B207FD49D00D29F60 /* Data Tracking */ = {
			isa = PBXGroup;
			children = (
				F8FD5680214714A000BA2FA6 /* SBATaskViewModel.swift */,
				F8F063D920BF7E4C00DB7D9C /* SBAClientDataResult.swift */,
				F8479516207FE99A0024A230 /* Model */,
				F8479517207FE9BB0024A230 /* iOS */,
				F8C2F37D22B2EC7800AC6A41 /* Medication Tracking */,
				F8C2F37F22B2EE2600AC6A41 /* Symptom Tracking */,
			);
			path = "Data Tracking";
			sourceTree = "<group>";
		};
		F825BA79207FD9AE00D29F60 /* Data Tracking Tests */ = {
			isa = PBXGroup;
			children = (
				F8F063F120BFB51B00DB7D9C /* ArchivableTrackingTests.swift */,
				F8479514207FE3720024A230 /* CodableTrackedDataTests.swift */,
				F847950C207FE2CB0024A230 /* TrackingNavigatorTests.swift */,
				F847950E207FE2E20024A230 /* MedicationTrackingNavigationTests.swift */,
				F869804A20C85BD800476D6C /* MedicationLoggingDataSourceTests.swift */,
				F8479510207FE3160024A230 /* TrackedSelectionDataSourceTests.swift */,
				F8479511207FE3160024A230 /* TrackedLoggingDataSourceTests.swift */,
			);
			name = "Data Tracking Tests";
			sourceTree = "<group>";
		};
		F83906E420325C53005FC0BA /* Resources */ = {
			isa = PBXGroup;
			children = (
				F8C7D3BC20927065007490BC /* Symptoms.json */,
				F847952D207FEE090024A230 /* Medication.json */,
				F825BA59207FD48300D29F60 /* Triggers.json */,
				6035687922AEF58E00AAF37D /* AppConfig.json */,
				F83906FC20325E53005FC0BA /* Certificates */,
				F83B450B20324A33002825AE /* Assets.xcassets */,
			);
			name = Resources;
			sourceTree = "<group>";
		};
		F83906F820325C6D005FC0BA /* Supporting Files */ = {
			isa = PBXGroup;
			children = (
				F818E23F2032AFA500C538ED /* BridgeAppExample.entitlements */,
				F83B451020324A33002825AE /* Info.plist */,
			);
			name = "Supporting Files";
			sourceTree = "<group>";
		};
		F83906F920325CB6005FC0BA /* Storyboards */ = {
			isa = PBXGroup;
			children = (
				F83B450820324A33002825AE /* Main.storyboard */,
				F83B450D20324A33002825AE /* LaunchScreen.storyboard */,
			);
			name = Storyboards;
			sourceTree = "<group>";
		};
		F83906FC20325E53005FC0BA /* Certificates */ = {
			isa = PBXGroup;
			children = (
				F83906FD20325E70005FC0BA /* sample-study.pem */,
			);
			name = Certificates;
			sourceTree = "<group>";
		};
		F83B449B2032467D002825AE = {
			isa = PBXGroup;
			children = (
				F83B44A72032467D002825AE /* BridgeApp */,
				F83B44B22032467D002825AE /* BridgeAppTests */,
				F83B450320324A33002825AE /* BridgeAppExample */,
				F83B44C02032470A002825AE /* Frameworks */,
				F83B44A62032467D002825AE /* Products */,
			);
			sourceTree = "<group>";
		};
		F83B44A62032467D002825AE /* Products */ = {
			isa = PBXGroup;
			children = (
				F83B44A52032467D002825AE /* BridgeApp.framework */,
				F83B44AE2032467D002825AE /* BridgeAppTests.xctest */,
				F83B450220324A33002825AE /* BridgeAppExample.app */,
			);
			name = Products;
			sourceTree = "<group>";
		};
		F83B44A72032467D002825AE /* BridgeApp */ = {
			isa = PBXGroup;
			children = (
				F83B44A82032467D002825AE /* BridgeApp.h */,
				F818E2402032B07D00C538ED /* README.md */,
				F83B44A92032467D002825AE /* Info-iOS.plist */,
				60D9611220BF161200B5CFEB /* Profile */,
				F8A5CE8320A36CEE00E9FD75 /* Study Management */,
				F89F67602032774800B5CC4B /* Research Model */,
				F825BA5B207FD49D00D29F60 /* Data Tracking */,
				F8A5CE3520A2ADFF00E9FD75 /* iOS */,
				F886FD2B203523D400EF2248 /* Extensions */,
				F886FD322036042E00EF2248 /* Localization */,
				F8C7D4142092CEF3007490BC /* StyleGuide */,
			);
			path = BridgeApp;
			sourceTree = "<group>";
		};
		F83B44B22032467D002825AE /* BridgeAppTests */ = {
			isa = PBXGroup;
			children = (
				F83B44B52032467D002825AE /* Info.plist */,
				F85AABD3207FFCF40059F019 /* BridgeAppTests-Bridging-Header.h */,
				F84B312B207FF9EB0006F2C7 /* Mock Objects */,
				F8A5CE9120A41FA500E9FD75 /* Study Management */,
				F825BA79207FD9AE00D29F60 /* Data Tracking Tests */,
				F84B3117207FF9BE0006F2C7 /* Research Model Tests */,
				80027FED2213679D000B00B0 /* Profile Tests */,
			);
			path = BridgeAppTests;
			sourceTree = "<group>";
		};
		F83B44C02032470A002825AE /* Frameworks */ = {
			isa = PBXGroup;
			children = (
				F87D2ACD227805B1007CA2B5 /* BridgeSDK_Test.framework */,
				F87D2ACF227805B1007CA2B5 /* Research_UnitTest.framework */,
				F87D2AC522780599007CA2B5 /* BridgeSDK.framework */,
				F87D2AC722780599007CA2B5 /* Research.framework */,
				F87D2AC922780599007CA2B5 /* ResearchRecorders.framework */,
				F87D2ACB22780599007CA2B5 /* ResearchUI.framework */,
			);
			name = Frameworks;
			sourceTree = "<group>";
		};
		F83B450320324A33002825AE /* BridgeAppExample */ = {
			isa = PBXGroup;
			children = (
				F83906FA20325D13005FC0BA /* BridgeInfo.plist */,
				F83B450420324A33002825AE /* AppDelegate.swift */,
				6035687722AEF39600AAF37D /* ParticipantManager.swift */,
				F825BA40207FD09000D29F60 /* MainViewController.swift */,
				F83906F920325CB6005FC0BA /* Storyboards */,
				F83906E420325C53005FC0BA /* Resources */,
				F83906F820325C6D005FC0BA /* Supporting Files */,
			);
			path = BridgeAppExample;
			sourceTree = "<group>";
		};
		F8479516207FE99A0024A230 /* Model */ = {
			isa = PBXGroup;
			children = (
				F825BA5D207FD64200D29F60 /* SBATrackedItem.swift */,
				FF3A810A22C16D0000CD737D /* SBATimeRange.swift */,
				F825BA69207FD83300D29F60 /* SBATrackedItemsStepNavigator.swift */,
				F825BA74207FD96100D29F60 /* SBATrackingDataSource.swift */,
				F825BA6C207FD83300D29F60 /* SBATrackedItemsLoggingStepObject.swift */,
				F825BA75207FD96100D29F60 /* SBATrackedLoggingDataSource.swift */,
				F825BA6B207FD83300D29F60 /* SBATrackedSelectionStepObject.swift */,
				F825BA73207FD96100D29F60 /* SBATrackedSelectionDataSource.swift */,
				CB18537F21064CF90076EFBB /* SBATrackedItemRemindersStepObject.swift */,
			);
			path = Model;
			sourceTree = "<group>";
		};
		F8479517207FE9BB0024A230 /* iOS */ = {
			isa = PBXGroup;
			children = (
				F847952F207FF0C90024A230 /* Default Nibs and Storyboards */,
				F8479518207FEA4C0024A230 /* SBATrackedLoggingStepViewController.swift */,
				0356943920EECD4D006A555A /* SBATrackedItemRemindersStepViewController.swift */,
			);
			path = iOS;
			sourceTree = "<group>";
		};
		F847952F207FF0C90024A230 /* Default Nibs and Storyboards */ = {
			isa = PBXGroup;
			children = (
				CBC1F44D20F98F8A003DFF9B /* SBATrackedReminderModalButtonCell.xib */,
				F8479530207FF0DF0024A230 /* SBATrackedLoggingCell.xib */,
			);
			path = "Default Nibs and Storyboards";
			sourceTree = "<group>";
		};
		F84B3117207FF9BE0006F2C7 /* Research Model Tests */ = {
			isa = PBXGroup;
			children = (
				F87D69BF203B5C4900409087 /* ActivityReferenceTests.swift */,
				F83703002282AFDD00939733 /* JSONSerializableTests.swift */,
				F89F67692032789800B5CC4B /* StepProtocolTests.swift */,
				F80F17732033B20C00352C3E /* SurveyNavigationRuleTests.swift */,
				F8F7241D203D007800AC0E5B /* SurveyTests.swift */,
			);
			name = "Research Model Tests";
			sourceTree = "<group>";
		};
		F84B312B207FF9EB0006F2C7 /* Mock Objects */ = {
			isa = PBXGroup;
			children = (
				F8BF02A520B60F730016C343 /* MockActivityManager.swift */,
			);
			name = "Mock Objects";
			sourceTree = "<group>";
		};
		F886FD2B203523D400EF2248 /* Extensions */ = {
			isa = PBXGroup;
			children = (
				F886FD30203524C600EF2248 /* Date+Utilities.swift */,
				F8E4A4FA20A4D9F00046577B /* JSONDecoder+Utilities.swift */,
				F886FD2C2035244F00EF2248 /* NSPredicate+Utilities.swift */,
				F886FD2E2035248600EF2248 /* SBBScheduledActivity+Filters.swift */,
				F82B1A9D20363DD500FEA16D /* SBBScheduledActivity+Utilities.swift */,
				F89B3DE920C6F647002EAE2D /* Sequence+Utilities.swift */,
			);
			path = Extensions;
			sourceTree = "<group>";
		};
		F886FD322036042E00EF2248 /* Localization */ = {
			isa = PBXGroup;
			children = (
				F886FD332036067300EF2248 /* BridgeApp.strings */,
				F86AFC2722AED6140070E347 /* BridgeApp.stringsdict */,
			);
			path = Localization;
			sourceTree = "<group>";
		};
		F89F67602032774800B5CC4B /* Research Model */ = {
			isa = PBXGroup;
			children = (
				F84794F7207FDEED0024A230 /* SBAFactory.swift */,
				F87D69692037956B00409087 /* SBAActivityReference.swift */,
				F8A8EAF82037834E00FED4EC /* SBAModuleIdentifier.swift */,
				F82B1A882036305200FEA16D /* SBBImage+Utilities.swift */,
				F886FD1220351E1E00EF2248 /* SBBActivity+RSDTaskInfo.swift */,
				F89F676B203279EF00B5CC4B /* SBBSurveyElement+RSDStep.swift */,
				F80F175E2033980300352C3E /* SBBSurveyRule+RSDSurveyRule.swift */,
				F80F17A22033CB1B00352C3E /* SBBSurvey+RSDTask.swift */,
				F899D0E420D03C9A0039FE8A /* SBBScheduledActivity+ResearchModel.swift */,
			);
			path = "Research Model";
			sourceTree = "<group>";
		};
		F8A5CE3520A2ADFF00E9FD75 /* iOS */ = {
			isa = PBXGroup;
			children = (
				F8A5CE4B20A2B5C400E9FD75 /* SBAAppDelegate.swift */,
				F8A5CE4920A2AE7100E9FD75 /* SBARootViewController.swift */,
				F8A5CE4D20A2BBEF00E9FD75 /* CatastrophicError.storyboard */,
				F8A5CE4E20A2BBEF00E9FD75 /* SBACatastrophicErrorViewController.swift */,
			);
			path = iOS;
			sourceTree = "<group>";
		};
		F8A5CE8320A36CEE00E9FD75 /* Study Management */ = {
			isa = PBXGroup;
			children = (
				F82B1AB02036410C00FEA16D /* SBABridgeConfiguration.swift */,
				F8A5CE8F20A3837100E9FD75 /* SBAParticipantManager.swift */,
				F8A5CE6E20A36B0700E9FD75 /* SBAScheduleManager.swift */,
				F89F676D20327A8700B5CC4B /* SBASurveyConfiguration.swift */,
				F8BF02EF20B71F580016C343 /* SBAScheduledActivityArchive.swift */,
				F8398C99212C868A005DE6E0 /* SBAReportManager.swift */,
				F8F367BA2159C03C00A49F89 /* SBAArchiveManager.swift */,
			);
			path = "Study Management";
			sourceTree = "<group>";
		};
		F8A5CE9120A41FA500E9FD75 /* Study Management */ = {
			isa = PBXGroup;
			children = (
				F8E4A4EE20A420380046577B /* SBAScheduleManagerTests.swift */,
				F8B86AA420C074E800943127 /* ScheduleFilteringTests.swift */,
				F8B86AA620C075FA00943127 /* ScheduleArchivingTests.swift */,
			);
			name = "Study Management";
			sourceTree = "<group>";
		};
		F8C2F37D22B2EC7800AC6A41 /* Medication Tracking */ = {
			isa = PBXGroup;
			children = (
				F8C2F37E22B2ECE700AC6A41 /* Nibs and Storyboards */,
				F825BA67207FD83200D29F60 /* SBAMedicationTrackingStepNavigator.swift */,
				CBED324320C5E2F6009D32F0 /* SBATrackedMedicationReviewStepObject.swift */,
				CBED325920C5E349009D32F0 /* SBATrackedMedicationReviewStepViewController.swift */,
				F8CE2889211E27E2007765F1 /* SBAMedicationReminderManager.swift */,
				F89B3DEB20C7155D002EAE2D /* SBAMedicationLoggingStepObject.swift */,
				CB267A9C20FD8C1D00D6C116 /* SBATrackedMedicationLoggingStepViewController.swift */,
				F8A7FA0D22B815570053FF74 /* SBAMedicationEditDetailsViewController.swift */,
				F8A7FA1322B9B3820053FF74 /* SBADayTimePickerViewController.swift */,
				FF3A810C22C16DE100CD737D /* SBAWarningViewController.swift */,
				F8A7FA0B22B814760053FF74 /* BoxedTextField.swift */,
			);
			path = "Medication Tracking";
			sourceTree = "<group>";
		};
		F8C2F37E22B2ECE700AC6A41 /* Nibs and Storyboards */ = {
			isa = PBXGroup;
			children = (
				CB74DC9220D88EC4008DBB6C /* SBATrackedTextfieldCell.xib */,
				CB267AB220FD8CEF00D6C116 /* SBAMedicationLoggingCell.xib */,
				CBED325B20C5EBDA009D32F0 /* SBATrackedMedicationReviewCell.xib */,
				F8A7FA0122B31E660053FF74 /* SBAMedicationDosageTableCell.xib */,
				F8A7FA0722B809FA0053FF74 /* Medication.storyboard */,
			);
			path = "Nibs and Storyboards";
			sourceTree = "<group>";
		};
		F8C2F37F22B2EE2600AC6A41 /* Symptom Tracking */ = {
			isa = PBXGroup;
			children = (
				F8C2F38022B2EE3F00AC6A41 /* Nibs and Storyboards */,
				F8C7D3F5209285A8007490BC /* SBASymptomLoggingStepObject.swift */,
				F8C7D40C20929AFF007490BC /* SBASymptomLoggingStepViewController.swift */,
			);
			path = "Symptom Tracking";
			sourceTree = "<group>";
		};
		F8C2F38022B2EE3F00AC6A41 /* Nibs and Storyboards */ = {
			isa = PBXGroup;
			children = (
				F8C7D4112092A1F5007490BC /* SBASymptomLoggingCell.xib */,
			);
			path = "Nibs and Storyboards";
			sourceTree = "<group>";
		};
		F8C7D4142092CEF3007490BC /* StyleGuide */ = {
			isa = PBXGroup;
			children = (
				F8C7D4152092CF36007490BC /* UIColor+BridgeKeyNames.swift */,
				FF3A810E22C17B9300CD737D /* Images.xcassets */,
			);
			path = StyleGuide;
			sourceTree = "<group>";
		};
/* End PBXGroup section */

/* Begin PBXHeadersBuildPhase section */
		F83B44A22032467D002825AE /* Headers */ = {
			isa = PBXHeadersBuildPhase;
			buildActionMask = 2147483647;
			files = (
				F83B44B62032467D002825AE /* BridgeApp.h in Headers */,
			);
			runOnlyForDeploymentPostprocessing = 0;
		};
/* End PBXHeadersBuildPhase section */

/* Begin PBXNativeTarget section */
		F83B44A42032467D002825AE /* BridgeApp (iOS) */ = {
			isa = PBXNativeTarget;
			buildConfigurationList = F83B44B92032467D002825AE /* Build configuration list for PBXNativeTarget "BridgeApp (iOS)" */;
			buildPhases = (
				F83B44A02032467D002825AE /* Sources */,
				F83B44A12032467D002825AE /* Frameworks */,
				F83B44A22032467D002825AE /* Headers */,
				F83B44A32032467D002825AE /* Resources */,
			);
			buildRules = (
			);
			dependencies = (
			);
			name = "BridgeApp (iOS)";
			productName = BridgeApp_iOS;
			productReference = F83B44A52032467D002825AE /* BridgeApp.framework */;
			productType = "com.apple.product-type.framework";
		};
		F83B44AD2032467D002825AE /* BridgeAppTests */ = {
			isa = PBXNativeTarget;
			buildConfigurationList = F83B44BC2032467D002825AE /* Build configuration list for PBXNativeTarget "BridgeAppTests" */;
			buildPhases = (
				F83B44AA2032467D002825AE /* Sources */,
				F83B44AB2032467D002825AE /* Frameworks */,
				F83B44AC2032467D002825AE /* Resources */,
			);
			buildRules = (
			);
			dependencies = (
				F83B44B12032467D002825AE /* PBXTargetDependency */,
				F83B452A20324CB0002825AE /* PBXTargetDependency */,
			);
			name = BridgeAppTests;
			productName = BridgeAppTests;
			productReference = F83B44AE2032467D002825AE /* BridgeAppTests.xctest */;
			productType = "com.apple.product-type.bundle.unit-test";
		};
		F83B450120324A33002825AE /* BridgeAppExample */ = {
			isa = PBXNativeTarget;
			buildConfigurationList = F83B451120324A33002825AE /* Build configuration list for PBXNativeTarget "BridgeAppExample" */;
			buildPhases = (
				F83B44FE20324A33002825AE /* Sources */,
				F83B44FF20324A33002825AE /* Frameworks */,
				F83B450020324A33002825AE /* Resources */,
				F83B451820324A65002825AE /* Embed Frameworks */,
			);
			buildRules = (
			);
			dependencies = (
				F825BA58207FD0C500D29F60 /* PBXTargetDependency */,
			);
			name = BridgeAppExample;
			productName = BridgeAppExample;
			productReference = F83B450220324A33002825AE /* BridgeAppExample.app */;
			productType = "com.apple.product-type.application";
		};
/* End PBXNativeTarget section */

/* Begin PBXProject section */
		F83B449C2032467D002825AE /* Project object */ = {
			isa = PBXProject;
			attributes = {
				LastSwiftUpdateCheck = 0920;
				LastUpgradeCheck = 0930;
				ORGANIZATIONNAME = "Sage Bionetworks";
				TargetAttributes = {
					F83B44A42032467D002825AE = {
						CreatedOnToolsVersion = 9.2;
						LastSwiftMigration = 1020;
						ProvisioningStyle = Automatic;
					};
					F83B44AD2032467D002825AE = {
						CreatedOnToolsVersion = 9.2;
						LastSwiftMigration = 1020;
						ProvisioningStyle = Automatic;
						TestTargetID = F83B450120324A33002825AE;
					};
					F83B450120324A33002825AE = {
						CreatedOnToolsVersion = 9.2;
						LastSwiftMigration = 1020;
						ProvisioningStyle = Automatic;
						SystemCapabilities = {
							com.apple.ApplicationGroups.iOS = {
								enabled = 1;
							};
							com.apple.BackgroundModes = {
								enabled = 1;
							};
							com.apple.DataProtection = {
								enabled = 1;
							};
							com.apple.Keychain = {
								enabled = 1;
							};
						};
					};
				};
			};
			buildConfigurationList = F83B449F2032467D002825AE /* Build configuration list for PBXProject "BridgeApp" */;
			compatibilityVersion = "Xcode 8.0";
			developmentRegion = en;
			hasScannedForEncodings = 0;
			knownRegions = (
				en,
				Base,
			);
			mainGroup = F83B449B2032467D002825AE;
			productRefGroup = F83B44A62032467D002825AE /* Products */;
			projectDirPath = "";
			projectRoot = "";
			targets = (
				F83B44A42032467D002825AE /* BridgeApp (iOS) */,
				F83B44AD2032467D002825AE /* BridgeAppTests */,
				F83B450120324A33002825AE /* BridgeAppExample */,
			);
		};
/* End PBXProject section */

/* Begin PBXResourcesBuildPhase section */
		F83B44A32032467D002825AE /* Resources */ = {
			isa = PBXResourcesBuildPhase;
			buildActionMask = 2147483647;
			files = (
				CBED325C20C5EBDA009D32F0 /* SBATrackedMedicationReviewCell.xib in Resources */,
				F8A5CE4F20A2BBEF00E9FD75 /* CatastrophicError.storyboard in Resources */,
				CBC1F46220F98F8A003DFF9B /* SBATrackedReminderModalButtonCell.xib in Resources */,
				F8C7D4132092A1F5007490BC /* SBASymptomLoggingCell.xib in Resources */,
				F8A7FA0322B31E660053FF74 /* SBAMedicationDosageTableCell.xib in Resources */,
				FF3A810F22C17B9300CD737D /* Images.xcassets in Resources */,
				CB74DC9320D88EC4008DBB6C /* SBATrackedTextfieldCell.xib in Resources */,
				F85AABE920800D120059F019 /* SBATrackedLoggingCell.xib in Resources */,
				CBED325D20C83538009D32F0 /* Assets.xcassets in Resources */,
				CB267AB320FD8CEF00D6C116 /* SBAMedicationLoggingCell.xib in Resources */,
				F818E2412032B07E00C538ED /* README.md in Resources */,
				F8A7FA0822B809FA0053FF74 /* Medication.storyboard in Resources */,
				F886FD342036067300EF2248 /* BridgeApp.strings in Resources */,
				F86AFC2822AED6140070E347 /* BridgeApp.stringsdict in Resources */,
			);
			runOnlyForDeploymentPostprocessing = 0;
		};
		F83B44AC2032467D002825AE /* Resources */ = {
			isa = PBXResourcesBuildPhase;
			buildActionMask = 2147483647;
			files = (
			);
			runOnlyForDeploymentPostprocessing = 0;
		};
		F83B450020324A33002825AE /* Resources */ = {
			isa = PBXResourcesBuildPhase;
			buildActionMask = 2147483647;
			files = (
				F83B450F20324A33002825AE /* LaunchScreen.storyboard in Resources */,
				F8C7D3D020927065007490BC /* Symptoms.json in Resources */,
				F83B450C20324A33002825AE /* Assets.xcassets in Resources */,
				F83B450A20324A33002825AE /* Main.storyboard in Resources */,
				F83906FB20325D13005FC0BA /* BridgeInfo.plist in Resources */,
				F847952E207FEE090024A230 /* Medication.json in Resources */,
				F825BA5A207FD48300D29F60 /* Triggers.json in Resources */,
				F83906FE20325E70005FC0BA /* sample-study.pem in Resources */,
				6035687A22AEF58E00AAF37D /* AppConfig.json in Resources */,
			);
			runOnlyForDeploymentPostprocessing = 0;
		};
/* End PBXResourcesBuildPhase section */

/* Begin PBXSourcesBuildPhase section */
		F83B44A02032467D002825AE /* Sources */ = {
			isa = PBXSourcesBuildPhase;
			buildActionMask = 2147483647;
			files = (
				F8CE288A211E27E2007765F1 /* SBAMedicationReminderManager.swift in Sources */,
				F80F175F2033980300352C3E /* SBBSurveyRule+RSDSurveyRule.swift in Sources */,
				60E84E5C20D306A9000DDCB1 /* SBAProfileItemType.swift in Sources */,
				F8A7FA1422B9B3820053FF74 /* SBADayTimePickerViewController.swift in Sources */,
				F82B1AB12036410C00FEA16D /* SBABridgeConfiguration.swift in Sources */,
				F87D696A2037956B00409087 /* SBAActivityReference.swift in Sources */,
				FF3A810B22C16D0000CD737D /* SBATimeRange.swift in Sources */,
				CB267A9D20FD8C1D00D6C116 /* SBATrackedMedicationLoggingStepViewController.swift in Sources */,
				F8C7D3F6209285A8007490BC /* SBASymptomLoggingStepObject.swift in Sources */,
				F8479521207FEA9D0024A230 /* SBATrackedItemsLoggingStepObject.swift in Sources */,
				F8A7FA0E22B815570053FF74 /* SBAMedicationEditDetailsViewController.swift in Sources */,
				F8398C9A212C868A005DE6E0 /* SBAReportManager.swift in Sources */,
				F89F676C203279EF00B5CC4B /* SBBSurveyElement+RSDStep.swift in Sources */,
				F8A5CE9020A3837100E9FD75 /* SBAParticipantManager.swift in Sources */,
				602BB7A7226130D400C17E12 /* SBAProfileDataStorageManager.swift in Sources */,
				F8479527207FEA9D0024A230 /* SBATrackingDataSource.swift in Sources */,
				F8A8EAF92037834E00FED4EC /* SBAModuleIdentifier.swift in Sources */,
				F847951E207FEA9D0024A230 /* SBATrackedItem.swift in Sources */,
				F8F063DA20BF7E4C00DB7D9C /* SBAClientDataResult.swift in Sources */,
				F8FD5681214714A000BA2FA6 /* SBATaskViewModel.swift in Sources */,
				F8F367BB2159C03C00A49F89 /* SBAArchiveManager.swift in Sources */,
				F80F17A32033CB1B00352C3E /* SBBSurvey+RSDTask.swift in Sources */,
				F8A5CE4A20A2AE7100E9FD75 /* SBARootViewController.swift in Sources */,
				F8A5CE4C20A2B5C400E9FD75 /* SBAAppDelegate.swift in Sources */,
				F8479523207FEA9D0024A230 /* SBATrackedItemsStepNavigator.swift in Sources */,
				60D9611D20BF161300B5CFEB /* SBAProfileSection.swift in Sources */,
				60D9611F20BF161300B5CFEB /* SBAProfileDataSource.swift in Sources */,
				F886FD2D2035244F00EF2248 /* NSPredicate+Utilities.swift in Sources */,
				0356943A20EECD4D006A555A /* SBATrackedItemRemindersStepViewController.swift in Sources */,
				F84794F8207FDEED0024A230 /* SBAFactory.swift in Sources */,
				60D9611E20BF161300B5CFEB /* SBAProfileItem.swift in Sources */,
				FF3A810D22C16DE100CD737D /* SBAWarningViewController.swift in Sources */,
				F8479525207FEA9D0024A230 /* SBATrackedSelectionDataSource.swift in Sources */,
				F89B3DEC20C7155D002EAE2D /* SBAMedicationLoggingStepObject.swift in Sources */,
				CB18538021064CF90076EFBB /* SBATrackedItemRemindersStepObject.swift in Sources */,
				F8C7D40D20929AFF007490BC /* SBASymptomLoggingStepViewController.swift in Sources */,
				F8A5CE6F20A36B0700E9FD75 /* SBAScheduleManager.swift in Sources */,
				60D9612220BF161300B5CFEB /* SBAProfileManager.swift in Sources */,
				CBED324420C5E2F6009D32F0 /* SBATrackedMedicationReviewStepObject.swift in Sources */,
				F8A7FA0C22B814760053FF74 /* BoxedTextField.swift in Sources */,
				F8479524207FEA9D0024A230 /* SBATrackedSelectionStepObject.swift in Sources */,
				CBED325A20C5E349009D32F0 /* SBATrackedMedicationReviewStepViewController.swift in Sources */,
				F8BF02F020B71F580016C343 /* SBAScheduledActivityArchive.swift in Sources */,
				F886FD31203524C600EF2248 /* Date+Utilities.swift in Sources */,
				F8479526207FEA9D0024A230 /* SBATrackedLoggingDataSource.swift in Sources */,
				F8A5CE5020A2BBEF00E9FD75 /* SBACatastrophicErrorViewController.swift in Sources */,
				F89B3DEA20C6F647002EAE2D /* Sequence+Utilities.swift in Sources */,
				F847951D207FEA8C0024A230 /* SBATrackedLoggingStepViewController.swift in Sources */,
				F82B1A892036305200FEA16D /* SBBImage+Utilities.swift in Sources */,
				F89F676E20327A8700B5CC4B /* SBASurveyConfiguration.swift in Sources */,
				F886FD2F2035248600EF2248 /* SBBScheduledActivity+Filters.swift in Sources */,
				F8E4A4FB20A4D9F00046577B /* JSONDecoder+Utilities.swift in Sources */,
				F899D0E520D03C9A0039FE8A /* SBBScheduledActivity+ResearchModel.swift in Sources */,
				F886FD1320351E1E00EF2248 /* SBBActivity+RSDTaskInfo.swift in Sources */,
				6090544821308CF7002D1895 /* SBAProfileOnSelectedAction.swift in Sources */,
				F8C7D4162092CF36007490BC /* UIColor+BridgeKeyNames.swift in Sources */,
				F82B1A9E20363DD500FEA16D /* SBBScheduledActivity+Utilities.swift in Sources */,
				F847951F207FEA9D0024A230 /* SBAMedicationTrackingStepNavigator.swift in Sources */,
			);
			runOnlyForDeploymentPostprocessing = 0;
		};
		F83B44AA2032467D002825AE /* Sources */ = {
			isa = PBXSourcesBuildPhase;
			buildActionMask = 2147483647;
			files = (
				F8479515207FE3720024A230 /* CodableTrackedDataTests.swift in Sources */,
				F847950D207FE2CB0024A230 /* TrackingNavigatorTests.swift in Sources */,
				F8B86AA720C075FA00943127 /* ScheduleArchivingTests.swift in Sources */,
				8002800422136822000B00B0 /* ProfileManagerTests.swift in Sources */,
				F8479513207FE3160024A230 /* TrackedLoggingDataSourceTests.swift in Sources */,
				F87D69C0203B5C4900409087 /* ActivityReferenceTests.swift in Sources */,
				F8F7241E203D007800AC0E5B /* SurveyTests.swift in Sources */,
				F8E4A4EF20A420380046577B /* SBAScheduleManagerTests.swift in Sources */,
				F83703012282AFDD00939733 /* JSONSerializableTests.swift in Sources */,
				60B08E7D221B413D00166CAF /* ProfileDataSourceTests.swift in Sources */,
				F869804B20C85BD800476D6C /* MedicationLoggingDataSourceTests.swift in Sources */,
				F89F676A2032789800B5CC4B /* StepProtocolTests.swift in Sources */,
				F8B86AA520C074E800943127 /* ScheduleFilteringTests.swift in Sources */,
				F8479512207FE3160024A230 /* TrackedSelectionDataSourceTests.swift in Sources */,
				F80F17742033B20C00352C3E /* SurveyNavigationRuleTests.swift in Sources */,
				F8BF02A620B60F730016C343 /* MockActivityManager.swift in Sources */,
				F847950F207FE2E20024A230 /* MedicationTrackingNavigationTests.swift in Sources */,
				F8F063F220BFB51B00DB7D9C /* ArchivableTrackingTests.swift in Sources */,
			);
			runOnlyForDeploymentPostprocessing = 0;
		};
		F83B44FE20324A33002825AE /* Sources */ = {
			isa = PBXSourcesBuildPhase;
			buildActionMask = 2147483647;
			files = (
				6035687822AEF39600AAF37D /* ParticipantManager.swift in Sources */,
				F825BA54207FD09100D29F60 /* MainViewController.swift in Sources */,
				F83B450520324A33002825AE /* AppDelegate.swift in Sources */,
			);
			runOnlyForDeploymentPostprocessing = 0;
		};
/* End PBXSourcesBuildPhase section */

/* Begin PBXTargetDependency section */
		F825BA58207FD0C500D29F60 /* PBXTargetDependency */ = {
			isa = PBXTargetDependency;
			target = F83B44A42032467D002825AE /* BridgeApp (iOS) */;
			targetProxy = F825BA57207FD0C500D29F60 /* PBXContainerItemProxy */;
		};
		F83B44B12032467D002825AE /* PBXTargetDependency */ = {
			isa = PBXTargetDependency;
			target = F83B44A42032467D002825AE /* BridgeApp (iOS) */;
			targetProxy = F83B44B02032467D002825AE /* PBXContainerItemProxy */;
		};
		F83B452A20324CB0002825AE /* PBXTargetDependency */ = {
			isa = PBXTargetDependency;
			target = F83B450120324A33002825AE /* BridgeAppExample */;
			targetProxy = F83B452920324CB0002825AE /* PBXContainerItemProxy */;
		};
/* End PBXTargetDependency section */

/* Begin PBXVariantGroup section */
		F83B450820324A33002825AE /* Main.storyboard */ = {
			isa = PBXVariantGroup;
			children = (
				F83B450920324A33002825AE /* Base */,
			);
			name = Main.storyboard;
			sourceTree = "<group>";
		};
		F83B450D20324A33002825AE /* LaunchScreen.storyboard */ = {
			isa = PBXVariantGroup;
			children = (
				F83B450E20324A33002825AE /* Base */,
			);
			name = LaunchScreen.storyboard;
			sourceTree = "<group>";
		};
/* End PBXVariantGroup section */

/* Begin XCBuildConfiguration section */
		F83B44B72032467D002825AE /* Debug */ = {
			isa = XCBuildConfiguration;
			buildSettings = {
				ALWAYS_SEARCH_USER_PATHS = NO;
				CLANG_ANALYZER_NONNULL = YES;
				CLANG_ANALYZER_NUMBER_OBJECT_CONVERSION = YES_AGGRESSIVE;
				CLANG_CXX_LANGUAGE_STANDARD = "gnu++14";
				CLANG_CXX_LIBRARY = "libc++";
				CLANG_ENABLE_MODULES = YES;
				CLANG_ENABLE_OBJC_ARC = YES;
				CLANG_WARN_BLOCK_CAPTURE_AUTORELEASING = YES;
				CLANG_WARN_BOOL_CONVERSION = YES;
				CLANG_WARN_COMMA = YES;
				CLANG_WARN_CONSTANT_CONVERSION = YES;
				CLANG_WARN_DEPRECATED_OBJC_IMPLEMENTATIONS = YES;
				CLANG_WARN_DIRECT_OBJC_ISA_USAGE = YES_ERROR;
				CLANG_WARN_DOCUMENTATION_COMMENTS = YES;
				CLANG_WARN_EMPTY_BODY = YES;
				CLANG_WARN_ENUM_CONVERSION = YES;
				CLANG_WARN_INFINITE_RECURSION = YES;
				CLANG_WARN_INT_CONVERSION = YES;
				CLANG_WARN_NON_LITERAL_NULL_CONVERSION = YES;
				CLANG_WARN_OBJC_IMPLICIT_RETAIN_SELF = YES;
				CLANG_WARN_OBJC_LITERAL_CONVERSION = YES;
				CLANG_WARN_OBJC_ROOT_CLASS = YES_ERROR;
				CLANG_WARN_RANGE_LOOP_ANALYSIS = YES;
				CLANG_WARN_STRICT_PROTOTYPES = YES;
				CLANG_WARN_SUSPICIOUS_MOVE = YES;
				CLANG_WARN_UNGUARDED_AVAILABILITY = YES_AGGRESSIVE;
				CLANG_WARN_UNREACHABLE_CODE = YES;
				CLANG_WARN__DUPLICATE_METHOD_MATCH = YES;
				CODE_SIGN_IDENTITY = "iPhone Developer";
				COPY_PHASE_STRIP = NO;
				CURRENT_PROJECT_VERSION = 18;
				DEBUG_INFORMATION_FORMAT = dwarf;
				ENABLE_STRICT_OBJC_MSGSEND = YES;
				ENABLE_TESTABILITY = YES;
				GCC_C_LANGUAGE_STANDARD = gnu11;
				GCC_DYNAMIC_NO_PIC = NO;
				GCC_NO_COMMON_BLOCKS = YES;
				GCC_OPTIMIZATION_LEVEL = 0;
				GCC_PREPROCESSOR_DEFINITIONS = (
					"DEBUG=1",
					"$(inherited)",
				);
				GCC_WARN_64_TO_32_BIT_CONVERSION = YES;
				GCC_WARN_ABOUT_RETURN_TYPE = YES_ERROR;
				GCC_WARN_UNDECLARED_SELECTOR = YES;
				GCC_WARN_UNINITIALIZED_AUTOS = YES_AGGRESSIVE;
				GCC_WARN_UNUSED_FUNCTION = YES;
				GCC_WARN_UNUSED_VARIABLE = YES;
				IPHONEOS_DEPLOYMENT_TARGET = 11.2;
				MTL_ENABLE_DEBUG_INFO = YES;
				ONLY_ACTIVE_ARCH = YES;
				SDKROOT = iphoneos;
				SWIFT_ACTIVE_COMPILATION_CONDITIONS = DEBUG;
				SWIFT_OPTIMIZATION_LEVEL = "-Onone";
				VERSIONING_SYSTEM = "apple-generic";
				VERSION_INFO_PREFIX = "";
			};
			name = Debug;
		};
		F83B44B82032467D002825AE /* Release */ = {
			isa = XCBuildConfiguration;
			buildSettings = {
				ALWAYS_SEARCH_USER_PATHS = NO;
				CLANG_ANALYZER_NONNULL = YES;
				CLANG_ANALYZER_NUMBER_OBJECT_CONVERSION = YES_AGGRESSIVE;
				CLANG_CXX_LANGUAGE_STANDARD = "gnu++14";
				CLANG_CXX_LIBRARY = "libc++";
				CLANG_ENABLE_MODULES = YES;
				CLANG_ENABLE_OBJC_ARC = YES;
				CLANG_WARN_BLOCK_CAPTURE_AUTORELEASING = YES;
				CLANG_WARN_BOOL_CONVERSION = YES;
				CLANG_WARN_COMMA = YES;
				CLANG_WARN_CONSTANT_CONVERSION = YES;
				CLANG_WARN_DEPRECATED_OBJC_IMPLEMENTATIONS = YES;
				CLANG_WARN_DIRECT_OBJC_ISA_USAGE = YES_ERROR;
				CLANG_WARN_DOCUMENTATION_COMMENTS = YES;
				CLANG_WARN_EMPTY_BODY = YES;
				CLANG_WARN_ENUM_CONVERSION = YES;
				CLANG_WARN_INFINITE_RECURSION = YES;
				CLANG_WARN_INT_CONVERSION = YES;
				CLANG_WARN_NON_LITERAL_NULL_CONVERSION = YES;
				CLANG_WARN_OBJC_IMPLICIT_RETAIN_SELF = YES;
				CLANG_WARN_OBJC_LITERAL_CONVERSION = YES;
				CLANG_WARN_OBJC_ROOT_CLASS = YES_ERROR;
				CLANG_WARN_RANGE_LOOP_ANALYSIS = YES;
				CLANG_WARN_STRICT_PROTOTYPES = YES;
				CLANG_WARN_SUSPICIOUS_MOVE = YES;
				CLANG_WARN_UNGUARDED_AVAILABILITY = YES_AGGRESSIVE;
				CLANG_WARN_UNREACHABLE_CODE = YES;
				CLANG_WARN__DUPLICATE_METHOD_MATCH = YES;
				CODE_SIGN_IDENTITY = "iPhone Developer";
				COPY_PHASE_STRIP = NO;
				CURRENT_PROJECT_VERSION = 18;
				DEBUG_INFORMATION_FORMAT = "dwarf-with-dsym";
				ENABLE_NS_ASSERTIONS = NO;
				ENABLE_STRICT_OBJC_MSGSEND = YES;
				GCC_C_LANGUAGE_STANDARD = gnu11;
				GCC_NO_COMMON_BLOCKS = YES;
				GCC_WARN_64_TO_32_BIT_CONVERSION = YES;
				GCC_WARN_ABOUT_RETURN_TYPE = YES_ERROR;
				GCC_WARN_UNDECLARED_SELECTOR = YES;
				GCC_WARN_UNINITIALIZED_AUTOS = YES_AGGRESSIVE;
				GCC_WARN_UNUSED_FUNCTION = YES;
				GCC_WARN_UNUSED_VARIABLE = YES;
				IPHONEOS_DEPLOYMENT_TARGET = 11.2;
				MTL_ENABLE_DEBUG_INFO = NO;
				SDKROOT = iphoneos;
				SWIFT_OPTIMIZATION_LEVEL = "-Owholemodule";
				VALIDATE_PRODUCT = YES;
				VERSIONING_SYSTEM = "apple-generic";
				VERSION_INFO_PREFIX = "";
			};
			name = Release;
		};
		F83B44BA2032467D002825AE /* Debug */ = {
			isa = XCBuildConfiguration;
			buildSettings = {
				CLANG_ENABLE_MODULES = YES;
				CODE_SIGN_IDENTITY = "iPhone Developer";
				CODE_SIGN_STYLE = Automatic;
				DEFINES_MODULE = YES;
				DEVELOPMENT_TEAM = "";
				DYLIB_COMPATIBILITY_VERSION = 1;
				DYLIB_CURRENT_VERSION = 18;
				DYLIB_INSTALL_NAME_BASE = "@rpath";
				INFOPLIST_FILE = "BridgeApp/Info-iOS.plist";
				INSTALL_PATH = "$(LOCAL_LIBRARY_DIR)/Frameworks";
				IPHONEOS_DEPLOYMENT_TARGET = 10.3;
				LD_RUNPATH_SEARCH_PATHS = "$(inherited) @executable_path/Frameworks @loader_path/Frameworks";
				PRODUCT_BUNDLE_IDENTIFIER = "org.sagebase.BridgeApp-iOS";
				PRODUCT_NAME = BridgeApp;
				PROVISIONING_PROFILE_SPECIFIER = "";
				SKIP_INSTALL = YES;
				SWIFT_OPTIMIZATION_LEVEL = "-Onone";
				SWIFT_VERSION = 5.0;
				TARGETED_DEVICE_FAMILY = "1,2";
			};
			name = Debug;
		};
		F83B44BB2032467D002825AE /* Release */ = {
			isa = XCBuildConfiguration;
			buildSettings = {
				CLANG_ENABLE_CODE_COVERAGE = NO;
				CLANG_ENABLE_MODULES = YES;
				CODE_SIGN_IDENTITY = "iPhone Developer";
				CODE_SIGN_STYLE = Automatic;
				DEFINES_MODULE = YES;
				DEVELOPMENT_TEAM = "";
				DYLIB_COMPATIBILITY_VERSION = 1;
				DYLIB_CURRENT_VERSION = 18;
				DYLIB_INSTALL_NAME_BASE = "@rpath";
				INFOPLIST_FILE = "BridgeApp/Info-iOS.plist";
				INSTALL_PATH = "$(LOCAL_LIBRARY_DIR)/Frameworks";
				IPHONEOS_DEPLOYMENT_TARGET = 10.3;
				LD_RUNPATH_SEARCH_PATHS = "$(inherited) @executable_path/Frameworks @loader_path/Frameworks";
				PRODUCT_BUNDLE_IDENTIFIER = "org.sagebase.BridgeApp-iOS";
				PRODUCT_NAME = BridgeApp;
				PROVISIONING_PROFILE_SPECIFIER = "";
				SKIP_INSTALL = YES;
				SWIFT_VERSION = 5.0;
				TARGETED_DEVICE_FAMILY = "1,2";
			};
			name = Release;
		};
		F83B44BD2032467D002825AE /* Debug */ = {
			isa = XCBuildConfiguration;
			buildSettings = {
				ALWAYS_EMBED_SWIFT_STANDARD_LIBRARIES = YES;
				CODE_SIGN_STYLE = Automatic;
				DEVELOPMENT_TEAM = KA9Z8R6M6K;
				INFOPLIST_FILE = BridgeAppTests/Info.plist;
				LD_RUNPATH_SEARCH_PATHS = "$(inherited) @executable_path/Frameworks @loader_path/Frameworks";
				PRODUCT_BUNDLE_IDENTIFIER = org.sagebase.BridgeAppTests;
				PRODUCT_NAME = "$(TARGET_NAME)";
				SWIFT_OBJC_BRIDGING_HEADER = "BridgeAppTests/BridgeAppTests-Bridging-Header.h";
				SWIFT_VERSION = 5.0;
				TARGETED_DEVICE_FAMILY = "1,2";
				TEST_HOST = "$(BUILT_PRODUCTS_DIR)/BridgeAppExample.app/BridgeAppExample";
			};
			name = Debug;
		};
		F83B44BE2032467D002825AE /* Release */ = {
			isa = XCBuildConfiguration;
			buildSettings = {
				ALWAYS_EMBED_SWIFT_STANDARD_LIBRARIES = YES;
				CODE_SIGN_STYLE = Automatic;
				DEVELOPMENT_TEAM = KA9Z8R6M6K;
				INFOPLIST_FILE = BridgeAppTests/Info.plist;
				LD_RUNPATH_SEARCH_PATHS = "$(inherited) @executable_path/Frameworks @loader_path/Frameworks";
				PRODUCT_BUNDLE_IDENTIFIER = org.sagebase.BridgeAppTests;
				PRODUCT_NAME = "$(TARGET_NAME)";
				SWIFT_OBJC_BRIDGING_HEADER = "BridgeAppTests/BridgeAppTests-Bridging-Header.h";
				SWIFT_VERSION = 5.0;
				TARGETED_DEVICE_FAMILY = "1,2";
				TEST_HOST = "$(BUILT_PRODUCTS_DIR)/BridgeAppExample.app/BridgeAppExample";
			};
			name = Release;
		};
		F83B451220324A33002825AE /* Debug */ = {
			isa = XCBuildConfiguration;
			buildSettings = {
				ALWAYS_EMBED_SWIFT_STANDARD_LIBRARIES = YES;
				ASSETCATALOG_COMPILER_APPICON_NAME = AppIcon;
				CODE_SIGN_ENTITLEMENTS = BridgeAppExample/BridgeAppExample.entitlements;
				CODE_SIGN_STYLE = Automatic;
				DEVELOPMENT_TEAM = KA9Z8R6M6K;
				INFOPLIST_FILE = BridgeAppExample/Info.plist;
				LD_RUNPATH_SEARCH_PATHS = "$(inherited) @executable_path/Frameworks";
				PRODUCT_BUNDLE_IDENTIFIER = org.sagebase.BridgeAppExample;
				PRODUCT_NAME = "$(TARGET_NAME)";
				SWIFT_VERSION = 5.0;
				TARGETED_DEVICE_FAMILY = "1,2";
			};
			name = Debug;
		};
		F83B451320324A33002825AE /* Release */ = {
			isa = XCBuildConfiguration;
			buildSettings = {
				ALWAYS_EMBED_SWIFT_STANDARD_LIBRARIES = YES;
				ASSETCATALOG_COMPILER_APPICON_NAME = AppIcon;
				CODE_SIGN_ENTITLEMENTS = BridgeAppExample/BridgeAppExample.entitlements;
				CODE_SIGN_STYLE = Automatic;
				DEVELOPMENT_TEAM = KA9Z8R6M6K;
				INFOPLIST_FILE = BridgeAppExample/Info.plist;
				LD_RUNPATH_SEARCH_PATHS = "$(inherited) @executable_path/Frameworks";
				PRODUCT_BUNDLE_IDENTIFIER = org.sagebase.BridgeAppExample;
				PRODUCT_NAME = "$(TARGET_NAME)";
				SWIFT_VERSION = 5.0;
				TARGETED_DEVICE_FAMILY = "1,2";
			};
			name = Release;
		};
/* End XCBuildConfiguration section */

/* Begin XCConfigurationList section */
		F83B449F2032467D002825AE /* Build configuration list for PBXProject "BridgeApp" */ = {
			isa = XCConfigurationList;
			buildConfigurations = (
				F83B44B72032467D002825AE /* Debug */,
				F83B44B82032467D002825AE /* Release */,
			);
			defaultConfigurationIsVisible = 0;
			defaultConfigurationName = Release;
		};
		F83B44B92032467D002825AE /* Build configuration list for PBXNativeTarget "BridgeApp (iOS)" */ = {
			isa = XCConfigurationList;
			buildConfigurations = (
				F83B44BA2032467D002825AE /* Debug */,
				F83B44BB2032467D002825AE /* Release */,
			);
			defaultConfigurationIsVisible = 0;
			defaultConfigurationName = Release;
		};
		F83B44BC2032467D002825AE /* Build configuration list for PBXNativeTarget "BridgeAppTests" */ = {
			isa = XCConfigurationList;
			buildConfigurations = (
				F83B44BD2032467D002825AE /* Debug */,
				F83B44BE2032467D002825AE /* Release */,
			);
			defaultConfigurationIsVisible = 0;
			defaultConfigurationName = Release;
		};
		F83B451120324A33002825AE /* Build configuration list for PBXNativeTarget "BridgeAppExample" */ = {
			isa = XCConfigurationList;
			buildConfigurations = (
				F83B451220324A33002825AE /* Debug */,
				F83B451320324A33002825AE /* Release */,
			);
			defaultConfigurationIsVisible = 0;
			defaultConfigurationName = Release;
		};
/* End XCConfigurationList section */
	};
	rootObject = F83B449C2032467D002825AE /* Project object */;
}
